// !$*UTF8*$!
{
	archiveVersion = 1;
	classes = {
	};
	objectVersion = 56;
	objects = {

/* Begin PBXBuildFile section */
		EA54509A2A46C6E4007BCBA1 /* AppDelegate.swift in Sources */ = {isa = PBXBuildFile; fileRef = EA5450992A46C6E4007BCBA1 /* AppDelegate.swift */; };
		EA54509C2A46C6E4007BCBA1 /* SceneDelegate.swift in Sources */ = {isa = PBXBuildFile; fileRef = EA54509B2A46C6E4007BCBA1 /* SceneDelegate.swift */; };
		EA54509E2A46C6E4007BCBA1 /* CustomFlowCollectionViewController.swift in Sources */ = {isa = PBXBuildFile; fileRef = EA54509D2A46C6E4007BCBA1 /* CustomFlowCollectionViewController.swift */; };
		EA5450A32A46C6E4007BCBA1 /* Assets.xcassets in Resources */ = {isa = PBXBuildFile; fileRef = EA5450A22A46C6E4007BCBA1 /* Assets.xcassets */; };
		EA5450A62A46C6E4007BCBA1 /* LaunchScreen.storyboard in Resources */ = {isa = PBXBuildFile; fileRef = EA5450A42A46C6E4007BCBA1 /* LaunchScreen.storyboard */; };
		EAE261DF2A4B1CEA009F3BBA /* SnapKit in Frameworks */ = {isa = PBXBuildFile; productRef = EAE261DE2A4B1CEA009F3BBA /* SnapKit */; };
		EAE261E22A4B1CF2009F3BBA /* Then in Frameworks */ = {isa = PBXBuildFile; productRef = EAE261E12A4B1CF2009F3BBA /* Then */; };
		EAE261E42A4B1E2F009F3BBA /* CustomFlowCollectionViewCell.swift in Sources */ = {isa = PBXBuildFile; fileRef = EAE261E32A4B1E2F009F3BBA /* CustomFlowCollectionViewCell.swift */; };
		EAF7CF912A4BBED6006D4515 /* preView+Ext.swift in Sources */ = {isa = PBXBuildFile; fileRef = EAF7CF902A4BBED6006D4515 /* preView+Ext.swift */; };
		EAF7CF932A4BC1D6006D4515 /* preViewController+Ext.swift in Sources */ = {isa = PBXBuildFile; fileRef = EAF7CF922A4BC1D6006D4515 /* preViewController+Ext.swift */; };
		EAF7CF972A4BCF21006D4515 /* CustomFlowCollectionViewHeader.swift in Sources */ = {isa = PBXBuildFile; fileRef = EAF7CF962A4BCF21006D4515 /* CustomFlowCollectionViewHeader.swift */; };
		EAF7CF992A4BD61F006D4515 /* CustomFlowCollectionViewFooter.swift in Sources */ = {isa = PBXBuildFile; fileRef = EAF7CF982A4BD61F006D4515 /* CustomFlowCollectionViewFooter.swift */; };
		EAF7CF9B2A4BD879006D4515 /* Env.swift in Sources */ = {isa = PBXBuildFile; fileRef = EAF7CF9A2A4BD879006D4515 /* Env.swift */; };
		EAF7CF9F2A4BDA05006D4515 /* GiphyResponse.swift in Sources */ = {isa = PBXBuildFile; fileRef = EAF7CF9E2A4BDA05006D4515 /* GiphyResponse.swift */; };
		EAF7CFA22A4BE19A006D4515 /* SwiftyGif in Frameworks */ = {isa = PBXBuildFile; productRef = EAF7CFA12A4BE19A006D4515 /* SwiftyGif */; };
/* End PBXBuildFile section */

/* Begin PBXFileReference section */
		EA5450962A46C6E4007BCBA1 /* AwesomeGifShareApp.app */ = {isa = PBXFileReference; explicitFileType = wrapper.application; includeInIndex = 0; path = AwesomeGifShareApp.app; sourceTree = BUILT_PRODUCTS_DIR; };
		EA5450992A46C6E4007BCBA1 /* AppDelegate.swift */ = {isa = PBXFileReference; lastKnownFileType = sourcecode.swift; path = AppDelegate.swift; sourceTree = "<group>"; };
		EA54509B2A46C6E4007BCBA1 /* SceneDelegate.swift */ = {isa = PBXFileReference; lastKnownFileType = sourcecode.swift; path = SceneDelegate.swift; sourceTree = "<group>"; };
		EA54509D2A46C6E4007BCBA1 /* CustomFlowCollectionViewController.swift */ = {isa = PBXFileReference; lastKnownFileType = sourcecode.swift; path = CustomFlowCollectionViewController.swift; sourceTree = "<group>"; };
		EA5450A22A46C6E4007BCBA1 /* Assets.xcassets */ = {isa = PBXFileReference; lastKnownFileType = folder.assetcatalog; path = Assets.xcassets; sourceTree = "<group>"; };
		EA5450A52A46C6E4007BCBA1 /* Base */ = {isa = PBXFileReference; lastKnownFileType = file.storyboard; name = Base; path = Base.lproj/LaunchScreen.storyboard; sourceTree = "<group>"; };
		EA5450A72A46C6E4007BCBA1 /* Info.plist */ = {isa = PBXFileReference; lastKnownFileType = text.plist.xml; path = Info.plist; sourceTree = "<group>"; };
		EAE261E32A4B1E2F009F3BBA /* CustomFlowCollectionViewCell.swift */ = {isa = PBXFileReference; lastKnownFileType = sourcecode.swift; path = CustomFlowCollectionViewCell.swift; sourceTree = "<group>"; };
		EAF7CF902A4BBED6006D4515 /* preView+Ext.swift */ = {isa = PBXFileReference; lastKnownFileType = sourcecode.swift; path = "preView+Ext.swift"; sourceTree = "<group>"; };
		EAF7CF922A4BC1D6006D4515 /* preViewController+Ext.swift */ = {isa = PBXFileReference; lastKnownFileType = sourcecode.swift; path = "preViewController+Ext.swift"; sourceTree = "<group>"; };
		EAF7CF962A4BCF21006D4515 /* CustomFlowCollectionViewHeader.swift */ = {isa = PBXFileReference; lastKnownFileType = sourcecode.swift; path = CustomFlowCollectionViewHeader.swift; sourceTree = "<group>"; };
		EAF7CF982A4BD61F006D4515 /* CustomFlowCollectionViewFooter.swift */ = {isa = PBXFileReference; lastKnownFileType = sourcecode.swift; path = CustomFlowCollectionViewFooter.swift; sourceTree = "<group>"; };
		EAF7CF9A2A4BD879006D4515 /* Env.swift */ = {isa = PBXFileReference; lastKnownFileType = sourcecode.swift; path = Env.swift; sourceTree = "<group>"; };
		EAF7CF9E2A4BDA05006D4515 /* GiphyResponse.swift */ = {isa = PBXFileReference; lastKnownFileType = sourcecode.swift; path = GiphyResponse.swift; sourceTree = "<group>"; };
/* End PBXFileReference section */

/* Begin PBXFrameworksBuildPhase section */
		EA5450932A46C6E4007BCBA1 /* Frameworks */ = {
			isa = PBXFrameworksBuildPhase;
			buildActionMask = 2147483647;
			files = (
				EAE261DF2A4B1CEA009F3BBA /* SnapKit in Frameworks */,
				EAE261E22A4B1CF2009F3BBA /* Then in Frameworks */,
				EAF7CFA22A4BE19A006D4515 /* SwiftyGif in Frameworks */,
			);
			runOnlyForDeploymentPostprocessing = 0;
		};
/* End PBXFrameworksBuildPhase section */

/* Begin PBXGroup section */
		EA54508D2A46C6E4007BCBA1 = {
			isa = PBXGroup;
			children = (
				EA5450982A46C6E4007BCBA1 /* AwesomeGifShareApp */,
				EA5450972A46C6E4007BCBA1 /* Products */,
			);
			sourceTree = "<group>";
		};
		EA5450972A46C6E4007BCBA1 /* Products */ = {
			isa = PBXGroup;
			children = (
				EA5450962A46C6E4007BCBA1 /* AwesomeGifShareApp.app */,
			);
			name = Products;
			sourceTree = "<group>";
		};
		EA5450982A46C6E4007BCBA1 /* AwesomeGifShareApp */ = {
			isa = PBXGroup;
			children = (
				EAF7CF9D2A4BD9F6006D4515 /* DataSource */,
				EAF7CF9C2A4BD8EB006D4515 /* Setting */,
				EAF7CF952A4BC7F8006D4515 /* CustomCollectionFlowLayout */,
				EA5450A22A46C6E4007BCBA1 /* Assets.xcassets */,
				EA5450A42A46C6E4007BCBA1 /* LaunchScreen.storyboard */,
				EA5450A72A46C6E4007BCBA1 /* Info.plist */,
			);
			path = AwesomeGifShareApp;
			sourceTree = "<group>";
		};
		EAF7CF952A4BC7F8006D4515 /* CustomCollectionFlowLayout */ = {
			isa = PBXGroup;
			children = (
				EA54509D2A46C6E4007BCBA1 /* CustomFlowCollectionViewController.swift */,
				EAE261E32A4B1E2F009F3BBA /* CustomFlowCollectionViewCell.swift */,
				EAF7CF962A4BCF21006D4515 /* CustomFlowCollectionViewHeader.swift */,
				EAF7CF982A4BD61F006D4515 /* CustomFlowCollectionViewFooter.swift */,
			);
			path = CustomCollectionFlowLayout;
			sourceTree = "<group>";
		};
		EAF7CF9C2A4BD8EB006D4515 /* Setting */ = {
			isa = PBXGroup;
			children = (
				EA5450992A46C6E4007BCBA1 /* AppDelegate.swift */,
				EA54509B2A46C6E4007BCBA1 /* SceneDelegate.swift */,
				EAF7CF902A4BBED6006D4515 /* preView+Ext.swift */,
				EAF7CF922A4BC1D6006D4515 /* preViewController+Ext.swift */,
				EAF7CF9A2A4BD879006D4515 /* Env.swift */,
			);
			path = Setting;
			sourceTree = "<group>";
		};
		EAF7CF9D2A4BD9F6006D4515 /* DataSource */ = {
			isa = PBXGroup;
			children = (
				EAF7CF9E2A4BDA05006D4515 /* GiphyResponse.swift */,
			);
			path = DataSource;
			sourceTree = "<group>";
		};
/* End PBXGroup section */

/* Begin PBXNativeTarget section */
		EA5450952A46C6E4007BCBA1 /* AwesomeGifShareApp */ = {
			isa = PBXNativeTarget;
			buildConfigurationList = EA5450AA2A46C6E4007BCBA1 /* Build configuration list for PBXNativeTarget "AwesomeGifShareApp" */;
			buildPhases = (
				EA5450922A46C6E4007BCBA1 /* Sources */,
				EA5450932A46C6E4007BCBA1 /* Frameworks */,
				EA5450942A46C6E4007BCBA1 /* Resources */,
			);
			buildRules = (
			);
			dependencies = (
			);
			name = AwesomeGifShareApp;
			packageProductDependencies = (
				EAE261DE2A4B1CEA009F3BBA /* SnapKit */,
				EAE261E12A4B1CF2009F3BBA /* Then */,
				EAF7CFA12A4BE19A006D4515 /* SwiftyGif */,
			);
			productName = AwesomeGifShareApp;
			productReference = EA5450962A46C6E4007BCBA1 /* AwesomeGifShareApp.app */;
			productType = "com.apple.product-type.application";
		};
/* End PBXNativeTarget section */

/* Begin PBXProject section */
		EA54508E2A46C6E4007BCBA1 /* Project object */ = {
			isa = PBXProject;
			attributes = {
				BuildIndependentTargetsInParallel = 1;
				LastSwiftUpdateCheck = 1430;
				LastUpgradeCheck = 1430;
				TargetAttributes = {
					EA5450952A46C6E4007BCBA1 = {
						CreatedOnToolsVersion = 14.3.1;
					};
				};
			};
			buildConfigurationList = EA5450912A46C6E4007BCBA1 /* Build configuration list for PBXProject "AwesomeGifShareApp" */;
			compatibilityVersion = "Xcode 14.0";
			developmentRegion = en;
			hasScannedForEncodings = 0;
			knownRegions = (
				en,
				Base,
			);
			mainGroup = EA54508D2A46C6E4007BCBA1;
			packageReferences = (
				EAE261DD2A4B1CEA009F3BBA /* XCRemoteSwiftPackageReference "SnapKit" */,
				EAE261E02A4B1CF2009F3BBA /* XCRemoteSwiftPackageReference "Then" */,
				EAF7CFA02A4BE19A006D4515 /* XCRemoteSwiftPackageReference "SwiftyGif" */,
			);
			productRefGroup = EA5450972A46C6E4007BCBA1 /* Products */;
			projectDirPath = "";
			projectRoot = "";
			targets = (
				EA5450952A46C6E4007BCBA1 /* AwesomeGifShareApp */,
			);
		};
/* End PBXProject section */

/* Begin PBXResourcesBuildPhase section */
		EA5450942A46C6E4007BCBA1 /* Resources */ = {
			isa = PBXResourcesBuildPhase;
			buildActionMask = 2147483647;
			files = (
				EA5450A62A46C6E4007BCBA1 /* LaunchScreen.storyboard in Resources */,
				EA5450A32A46C6E4007BCBA1 /* Assets.xcassets in Resources */,
			);
			runOnlyForDeploymentPostprocessing = 0;
		};
/* End PBXResourcesBuildPhase section */

/* Begin PBXSourcesBuildPhase section */
		EA5450922A46C6E4007BCBA1 /* Sources */ = {
			isa = PBXSourcesBuildPhase;
			buildActionMask = 2147483647;
			files = (
				EA54509E2A46C6E4007BCBA1 /* CustomFlowCollectionViewController.swift in Sources */,
				EA54509A2A46C6E4007BCBA1 /* AppDelegate.swift in Sources */,
				EA54509C2A46C6E4007BCBA1 /* SceneDelegate.swift in Sources */,
				EAF7CF9B2A4BD879006D4515 /* Env.swift in Sources */,
				EAF7CF972A4BCF21006D4515 /* CustomFlowCollectionViewHeader.swift in Sources */,
				EAE261E42A4B1E2F009F3BBA /* CustomFlowCollectionViewCell.swift in Sources */,
				EAF7CF992A4BD61F006D4515 /* CustomFlowCollectionViewFooter.swift in Sources */,
				EAF7CF932A4BC1D6006D4515 /* preViewController+Ext.swift in Sources */,
				EAF7CF9F2A4BDA05006D4515 /* GiphyResponse.swift in Sources */,
				EAF7CF912A4BBED6006D4515 /* preView+Ext.swift in Sources */,
			);
			runOnlyForDeploymentPostprocessing = 0;
		};
/* End PBXSourcesBuildPhase section */

/* Begin PBXVariantGroup section */
		EA5450A42A46C6E4007BCBA1 /* LaunchScreen.storyboard */ = {
			isa = PBXVariantGroup;
			children = (
				EA5450A52A46C6E4007BCBA1 /* Base */,
			);
			name = LaunchScreen.storyboard;
			sourceTree = "<group>";
		};
/* End PBXVariantGroup section */

/* Begin XCBuildConfiguration section */
		EA5450A82A46C6E4007BCBA1 /* Debug */ = {
			isa = XCBuildConfiguration;
			buildSettings = {
				ALWAYS_SEARCH_USER_PATHS = NO;
				CLANG_ANALYZER_NONNULL = YES;
				CLANG_ANALYZER_NUMBER_OBJECT_CONVERSION = YES_AGGRESSIVE;
				CLANG_CXX_LANGUAGE_STANDARD = "gnu++20";
				CLANG_ENABLE_MODULES = YES;
				CLANG_ENABLE_OBJC_ARC = YES;
				CLANG_ENABLE_OBJC_WEAK = YES;
				CLANG_WARN_BLOCK_CAPTURE_AUTORELEASING = YES;
				CLANG_WARN_BOOL_CONVERSION = YES;
				CLANG_WARN_COMMA = YES;
				CLANG_WARN_CONSTANT_CONVERSION = YES;
				CLANG_WARN_DEPRECATED_OBJC_IMPLEMENTATIONS = YES;
				CLANG_WARN_DIRECT_OBJC_ISA_USAGE = YES_ERROR;
				CLANG_WARN_DOCUMENTATION_COMMENTS = YES;
				CLANG_WARN_EMPTY_BODY = YES;
				CLANG_WARN_ENUM_CONVERSION = YES;
				CLANG_WARN_INFINITE_RECURSION = YES;
				CLANG_WARN_INT_CONVERSION = YES;
				CLANG_WARN_NON_LITERAL_NULL_CONVERSION = YES;
				CLANG_WARN_OBJC_IMPLICIT_RETAIN_SELF = YES;
				CLANG_WARN_OBJC_LITERAL_CONVERSION = YES;
				CLANG_WARN_OBJC_ROOT_CLASS = YES_ERROR;
				CLANG_WARN_QUOTED_INCLUDE_IN_FRAMEWORK_HEADER = YES;
				CLANG_WARN_RANGE_LOOP_ANALYSIS = YES;
				CLANG_WARN_STRICT_PROTOTYPES = YES;
				CLANG_WARN_SUSPICIOUS_MOVE = YES;
				CLANG_WARN_UNGUARDED_AVAILABILITY = YES_AGGRESSIVE;
				CLANG_WARN_UNREACHABLE_CODE = YES;
				CLANG_WARN__DUPLICATE_METHOD_MATCH = YES;
				COPY_PHASE_STRIP = NO;
				DEBUG_INFORMATION_FORMAT = dwarf;
				ENABLE_STRICT_OBJC_MSGSEND = YES;
				ENABLE_TESTABILITY = YES;
				GCC_C_LANGUAGE_STANDARD = gnu11;
				GCC_DYNAMIC_NO_PIC = NO;
				GCC_NO_COMMON_BLOCKS = YES;
				GCC_OPTIMIZATION_LEVEL = 0;
				GCC_PREPROCESSOR_DEFINITIONS = (
					"DEBUG=1",
					"$(inherited)",
				);
				GCC_WARN_64_TO_32_BIT_CONVERSION = YES;
				GCC_WARN_ABOUT_RETURN_TYPE = YES_ERROR;
				GCC_WARN_UNDECLARED_SELECTOR = YES;
				GCC_WARN_UNINITIALIZED_AUTOS = YES_AGGRESSIVE;
				GCC_WARN_UNUSED_FUNCTION = YES;
				GCC_WARN_UNUSED_VARIABLE = YES;
				IPHONEOS_DEPLOYMENT_TARGET = 16.4;
				MTL_ENABLE_DEBUG_INFO = INCLUDE_SOURCE;
				MTL_FAST_MATH = YES;
				ONLY_ACTIVE_ARCH = YES;
				SDKROOT = iphoneos;
				SWIFT_ACTIVE_COMPILATION_CONDITIONS = DEBUG;
				SWIFT_OPTIMIZATION_LEVEL = "-Onone";
			};
			name = Debug;
		};
		EA5450A92A46C6E4007BCBA1 /* Release */ = {
			isa = XCBuildConfiguration;
			buildSettings = {
				ALWAYS_SEARCH_USER_PATHS = NO;
				CLANG_ANALYZER_NONNULL = YES;
				CLANG_ANALYZER_NUMBER_OBJECT_CONVERSION = YES_AGGRESSIVE;
				CLANG_CXX_LANGUAGE_STANDARD = "gnu++20";
				CLANG_ENABLE_MODULES = YES;
				CLANG_ENABLE_OBJC_ARC = YES;
				CLANG_ENABLE_OBJC_WEAK = YES;
				CLANG_WARN_BLOCK_CAPTURE_AUTORELEASING = YES;
				CLANG_WARN_BOOL_CONVERSION = YES;
				CLANG_WARN_COMMA = YES;
				CLANG_WARN_CONSTANT_CONVERSION = YES;
				CLANG_WARN_DEPRECATED_OBJC_IMPLEMENTATIONS = YES;
				CLANG_WARN_DIRECT_OBJC_ISA_USAGE = YES_ERROR;
				CLANG_WARN_DOCUMENTATION_COMMENTS = YES;
				CLANG_WARN_EMPTY_BODY = YES;
				CLANG_WARN_ENUM_CONVERSION = YES;
				CLANG_WARN_INFINITE_RECURSION = YES;
				CLANG_WARN_INT_CONVERSION = YES;
				CLANG_WARN_NON_LITERAL_NULL_CONVERSION = YES;
				CLANG_WARN_OBJC_IMPLICIT_RETAIN_SELF = YES;
				CLANG_WARN_OBJC_LITERAL_CONVERSION = YES;
				CLANG_WARN_OBJC_ROOT_CLASS = YES_ERROR;
				CLANG_WARN_QUOTED_INCLUDE_IN_FRAMEWORK_HEADER = YES;
				CLANG_WARN_RANGE_LOOP_ANALYSIS = YES;
				CLANG_WARN_STRICT_PROTOTYPES = YES;
				CLANG_WARN_SUSPICIOUS_MOVE = YES;
				CLANG_WARN_UNGUARDED_AVAILABILITY = YES_AGGRESSIVE;
				CLANG_WARN_UNREACHABLE_CODE = YES;
				CLANG_WARN__DUPLICATE_METHOD_MATCH = YES;
				COPY_PHASE_STRIP = NO;
				DEBUG_INFORMATION_FORMAT = "dwarf-with-dsym";
				ENABLE_NS_ASSERTIONS = NO;
				ENABLE_STRICT_OBJC_MSGSEND = YES;
				GCC_C_LANGUAGE_STANDARD = gnu11;
				GCC_NO_COMMON_BLOCKS = YES;
				GCC_WARN_64_TO_32_BIT_CONVERSION = YES;
				GCC_WARN_ABOUT_RETURN_TYPE = YES_ERROR;
				GCC_WARN_UNDECLARED_SELECTOR = YES;
				GCC_WARN_UNINITIALIZED_AUTOS = YES_AGGRESSIVE;
				GCC_WARN_UNUSED_FUNCTION = YES;
				GCC_WARN_UNUSED_VARIABLE = YES;
				IPHONEOS_DEPLOYMENT_TARGET = 16.4;
				MTL_ENABLE_DEBUG_INFO = NO;
				MTL_FAST_MATH = YES;
				SDKROOT = iphoneos;
				SWIFT_COMPILATION_MODE = wholemodule;
				SWIFT_OPTIMIZATION_LEVEL = "-O";
				VALIDATE_PRODUCT = YES;
			};
			name = Release;
		};
		EA5450AB2A46C6E4007BCBA1 /* Debug */ = {
			isa = XCBuildConfiguration;
			buildSettings = {
				ASSETCATALOG_COMPILER_APPICON_NAME = AppIcon;
				ASSETCATALOG_COMPILER_GLOBAL_ACCENT_COLOR_NAME = AccentColor;
				CODE_SIGN_STYLE = Automatic;
				CURRENT_PROJECT_VERSION = 1;
				GENERATE_INFOPLIST_FILE = YES;
				INFOPLIST_FILE = AwesomeGifShareApp/Info.plist;
				INFOPLIST_KEY_UIApplicationSupportsIndirectInputEvents = YES;
				INFOPLIST_KEY_UILaunchStoryboardName = LaunchScreen;
				INFOPLIST_KEY_UIMainStoryboardFile = "";
				INFOPLIST_KEY_UISupportedInterfaceOrientations_iPad = "UIInterfaceOrientationPortrait UIInterfaceOrientationPortraitUpsideDown UIInterfaceOrientationLandscapeLeft UIInterfaceOrientationLandscapeRight";
				INFOPLIST_KEY_UISupportedInterfaceOrientations_iPhone = "UIInterfaceOrientationPortrait UIInterfaceOrientationLandscapeLeft UIInterfaceOrientationLandscapeRight";
				LD_RUNPATH_SEARCH_PATHS = (
					"$(inherited)",
					"@executable_path/Frameworks",
				);
				MARKETING_VERSION = 1.0;
				PRODUCT_BUNDLE_IDENTIFIER = user.AwesomeGifShareApp;
				PRODUCT_NAME = "$(TARGET_NAME)";
				SWIFT_EMIT_LOC_STRINGS = YES;
				SWIFT_VERSION = 5.0;
				TARGETED_DEVICE_FAMILY = "1,2";
			};
			name = Debug;
		};
		EA5450AC2A46C6E4007BCBA1 /* Release */ = {
			isa = XCBuildConfiguration;
			buildSettings = {
				ASSETCATALOG_COMPILER_APPICON_NAME = AppIcon;
				ASSETCATALOG_COMPILER_GLOBAL_ACCENT_COLOR_NAME = AccentColor;
				CODE_SIGN_STYLE = Automatic;
				CURRENT_PROJECT_VERSION = 1;
				GENERATE_INFOPLIST_FILE = YES;
				INFOPLIST_FILE = AwesomeGifShareApp/Info.plist;
				INFOPLIST_KEY_UIApplicationSupportsIndirectInputEvents = YES;
				INFOPLIST_KEY_UILaunchStoryboardName = LaunchScreen;
				INFOPLIST_KEY_UIMainStoryboardFile = "";
				INFOPLIST_KEY_UISupportedInterfaceOrientations_iPad = "UIInterfaceOrientationPortrait UIInterfaceOrientationPortraitUpsideDown UIInterfaceOrientationLandscapeLeft UIInterfaceOrientationLandscapeRight";
				INFOPLIST_KEY_UISupportedInterfaceOrientations_iPhone = "UIInterfaceOrientationPortrait UIInterfaceOrientationLandscapeLeft UIInterfaceOrientationLandscapeRight";
				LD_RUNPATH_SEARCH_PATHS = (
					"$(inherited)",
					"@executable_path/Frameworks",
				);
				MARKETING_VERSION = 1.0;
				PRODUCT_BUNDLE_IDENTIFIER = user.AwesomeGifShareApp;
				PRODUCT_NAME = "$(TARGET_NAME)";
				SWIFT_EMIT_LOC_STRINGS = YES;
				SWIFT_VERSION = 5.0;
				TARGETED_DEVICE_FAMILY = "1,2";
			};
			name = Release;
		};
/* End XCBuildConfiguration section */

/* Begin XCConfigurationList section */
		EA5450912A46C6E4007BCBA1 /* Build configuration list for PBXProject "AwesomeGifShareApp" */ = {
			isa = XCConfigurationList;
			buildConfigurations = (
				EA5450A82A46C6E4007BCBA1 /* Debug */,
				EA5450A92A46C6E4007BCBA1 /* Release */,
			);
			defaultConfigurationIsVisible = 0;
			defaultConfigurationName = Release;
		};
		EA5450AA2A46C6E4007BCBA1 /* Build configuration list for PBXNativeTarget "AwesomeGifShareApp" */ = {
			isa = XCConfigurationList;
			buildConfigurations = (
				EA5450AB2A46C6E4007BCBA1 /* Debug */,
				EA5450AC2A46C6E4007BCBA1 /* Release */,
			);
			defaultConfigurationIsVisible = 0;
			defaultConfigurationName = Release;
		};
/* End XCConfigurationList section */

/* Begin XCRemoteSwiftPackageReference section */
		EAE261DD2A4B1CEA009F3BBA /* XCRemoteSwiftPackageReference "SnapKit" */ = {
			isa = XCRemoteSwiftPackageReference;
			repositoryURL = "https://github.com/SnapKit/SnapKit.git";
			requirement = {
				kind = upToNextMajorVersion;
				minimumVersion = 5.0.0;
			};
		};
		EAE261E02A4B1CF2009F3BBA /* XCRemoteSwiftPackageReference "Then" */ = {
			isa = XCRemoteSwiftPackageReference;
			repositoryURL = "https://github.com/devxoul/Then";
			requirement = {
				kind = upToNextMajorVersion;
				minimumVersion = 3.0.0;
			};
		};
		EAF7CFA02A4BE19A006D4515 /* XCRemoteSwiftPackageReference "SwiftyGif" */ = {
			isa = XCRemoteSwiftPackageReference;
			repositoryURL = "https://github.com/kirualex/SwiftyGif.git";
			requirement = {
				kind = upToNextMajorVersion;
				minimumVersion = 5.0.0;
			};
		};
/* End XCRemoteSwiftPackageReference section */

/* Begin XCSwiftPackageProductDependency section */
		EAE261DE2A4B1CEA009F3BBA /* SnapKit */ = {
			isa = XCSwiftPackageProductDependency;
			package = EAE261DD2A4B1CEA009F3BBA /* XCRemoteSwiftPackageReference "SnapKit" */;
			productName = SnapKit;
		};
		EAE261E12A4B1CF2009F3BBA /* Then */ = {
			isa = XCSwiftPackageProductDependency;
			package = EAE261E02A4B1CF2009F3BBA /* XCRemoteSwiftPackageReference "Then" */;
			productName = Then;
		};
		EAF7CFA12A4BE19A006D4515 /* SwiftyGif */ = {
			isa = XCSwiftPackageProductDependency;
			package = EAF7CFA02A4BE19A006D4515 /* XCRemoteSwiftPackageReference "SwiftyGif" */;
			productName = SwiftyGif;
		};
/* End XCSwiftPackageProductDependency section */
	};
	rootObject = EA54508E2A46C6E4007BCBA1 /* Project object */;
}
