// !$*UTF8*$!
{
	archiveVersion = 1;
	classes = {
	};
	objectVersion = 56;
	objects = {

/* Begin PBXBuildFile section */
		EA11DBC62A565D3300D6F1A9 /* AppDelegate.swift in Sources */ = {isa = PBXBuildFile; fileRef = EA11DBC52A565D3300D6F1A9 /* AppDelegate.swift */; };
		EA11DBC82A565D3300D6F1A9 /* SceneDelegate.swift in Sources */ = {isa = PBXBuildFile; fileRef = EA11DBC72A565D3300D6F1A9 /* SceneDelegate.swift */; };
		EA11DBCA2A565D3300D6F1A9 /* HorizontalViewController.swift in Sources */ = {isa = PBXBuildFile; fileRef = EA11DBC92A565D3300D6F1A9 /* HorizontalViewController.swift */; };
		EA11DBD02A565D3300D6F1A9 /* CollectionView.xcdatamodeld in Sources */ = {isa = PBXBuildFile; fileRef = EA11DBCE2A565D3300D6F1A9 /* CollectionView.xcdatamodeld */; };
		EA11DBD22A565D3400D6F1A9 /* Assets.xcassets in Resources */ = {isa = PBXBuildFile; fileRef = EA11DBD12A565D3400D6F1A9 /* Assets.xcassets */; };
		EA11DBD52A565D3400D6F1A9 /* LaunchScreen.storyboard in Resources */ = {isa = PBXBuildFile; fileRef = EA11DBD32A565D3400D6F1A9 /* LaunchScreen.storyboard */; };
		EA11DBE22A56C57800D6F1A9 /* SnapKit in Frameworks */ = {isa = PBXBuildFile; productRef = EA11DBE12A56C57800D6F1A9 /* SnapKit */; };
		EA11DBE52A56C58200D6F1A9 /* Then in Frameworks */ = {isa = PBXBuildFile; productRef = EA11DBE42A56C58200D6F1A9 /* Then */; };
		EA11DBE72A56CA8B00D6F1A9 /* HorizontalCollectionViewCell.swift in Sources */ = {isa = PBXBuildFile; fileRef = EA11DBE62A56CA8B00D6F1A9 /* HorizontalCollectionViewCell.swift */; };
		EA6EC2CC2A56F4CF00DC0DD2 /* HorizontalScrollViewController.swift in Sources */ = {isa = PBXBuildFile; fileRef = EA6EC2CB2A56F4CF00DC0DD2 /* HorizontalScrollViewController.swift */; };
		EAF17F972A58DD4D000ECEC6 /* ViewController.swift in Sources */ = {isa = PBXBuildFile; fileRef = EAF17F962A58DD4D000ECEC6 /* ViewController.swift */; };
		EAF17F992A59123B000ECEC6 /* TitleSupplementaryView.swift in Sources */ = {isa = PBXBuildFile; fileRef = EAF17F982A59123B000ECEC6 /* TitleSupplementaryView.swift */; };
		EAF17F9B2A5914A1000ECEC6 /* CollectionViewCell.swift in Sources */ = {isa = PBXBuildFile; fileRef = EAF17F9A2A5914A1000ECEC6 /* CollectionViewCell.swift */; };
/* End PBXBuildFile section */

/* Begin PBXFileReference section */
		EA11DBC22A565D3300D6F1A9 /* CollectionView.app */ = {isa = PBXFileReference; explicitFileType = wrapper.application; includeInIndex = 0; path = CollectionView.app; sourceTree = BUILT_PRODUCTS_DIR; };
		EA11DBC52A565D3300D6F1A9 /* AppDelegate.swift */ = {isa = PBXFileReference; lastKnownFileType = sourcecode.swift; path = AppDelegate.swift; sourceTree = "<group>"; };
		EA11DBC72A565D3300D6F1A9 /* SceneDelegate.swift */ = {isa = PBXFileReference; lastKnownFileType = sourcecode.swift; path = SceneDelegate.swift; sourceTree = "<group>"; };
		EA11DBC92A565D3300D6F1A9 /* HorizontalViewController.swift */ = {isa = PBXFileReference; lastKnownFileType = sourcecode.swift; path = HorizontalViewController.swift; sourceTree = "<group>"; };
		EA11DBCF2A565D3300D6F1A9 /* CollectionView.xcdatamodel */ = {isa = PBXFileReference; lastKnownFileType = wrapper.xcdatamodel; path = CollectionView.xcdatamodel; sourceTree = "<group>"; };
		EA11DBD12A565D3400D6F1A9 /* Assets.xcassets */ = {isa = PBXFileReference; lastKnownFileType = folder.assetcatalog; path = Assets.xcassets; sourceTree = "<group>"; };
		EA11DBD42A565D3400D6F1A9 /* Base */ = {isa = PBXFileReference; lastKnownFileType = file.storyboard; name = Base; path = Base.lproj/LaunchScreen.storyboard; sourceTree = "<group>"; };
		EA11DBD62A565D3400D6F1A9 /* Info.plist */ = {isa = PBXFileReference; lastKnownFileType = text.plist.xml; path = Info.plist; sourceTree = "<group>"; };
		EA11DBE62A56CA8B00D6F1A9 /* HorizontalCollectionViewCell.swift */ = {isa = PBXFileReference; lastKnownFileType = sourcecode.swift; path = HorizontalCollectionViewCell.swift; sourceTree = "<group>"; };
		EA6EC2CB2A56F4CF00DC0DD2 /* HorizontalScrollViewController.swift */ = {isa = PBXFileReference; lastKnownFileType = sourcecode.swift; path = HorizontalScrollViewController.swift; sourceTree = "<group>"; };
		EAF17F962A58DD4D000ECEC6 /* ViewController.swift */ = {isa = PBXFileReference; lastKnownFileType = sourcecode.swift; path = ViewController.swift; sourceTree = "<group>"; };
		EAF17F982A59123B000ECEC6 /* TitleSupplementaryView.swift */ = {isa = PBXFileReference; lastKnownFileType = sourcecode.swift; path = TitleSupplementaryView.swift; sourceTree = "<group>"; };
		EAF17F9A2A5914A1000ECEC6 /* CollectionViewCell.swift */ = {isa = PBXFileReference; lastKnownFileType = sourcecode.swift; path = CollectionViewCell.swift; sourceTree = "<group>"; };
/* End PBXFileReference section */

/* Begin PBXFrameworksBuildPhase section */
		EA11DBBF2A565D3300D6F1A9 /* Frameworks */ = {
			isa = PBXFrameworksBuildPhase;
			buildActionMask = 2147483647;
			files = (
				EA11DBE22A56C57800D6F1A9 /* SnapKit in Frameworks */,
				EA11DBE52A56C58200D6F1A9 /* Then in Frameworks */,
			);
			runOnlyForDeploymentPostprocessing = 0;
		};
/* End PBXFrameworksBuildPhase section */

/* Begin PBXGroup section */
		EA11DBB92A565D3300D6F1A9 = {
			isa = PBXGroup;
			children = (
				EA11DBC42A565D3300D6F1A9 /* CollectionView */,
				EA11DBC32A565D3300D6F1A9 /* Products */,
			);
			sourceTree = "<group>";
		};
		EA11DBC32A565D3300D6F1A9 /* Products */ = {
			isa = PBXGroup;
			children = (
				EA11DBC22A565D3300D6F1A9 /* CollectionView.app */,
			);
			name = Products;
			sourceTree = "<group>";
		};
		EA11DBC42A565D3300D6F1A9 /* CollectionView */ = {
			isa = PBXGroup;
			children = (
				EA11DBC52A565D3300D6F1A9 /* AppDelegate.swift */,
				EA11DBC72A565D3300D6F1A9 /* SceneDelegate.swift */,
				EA11DBC92A565D3300D6F1A9 /* HorizontalViewController.swift */,
				EA6EC2CB2A56F4CF00DC0DD2 /* HorizontalScrollViewController.swift */,
				EA11DBD12A565D3400D6F1A9 /* Assets.xcassets */,
				EA11DBD32A565D3400D6F1A9 /* LaunchScreen.storyboard */,
				EA11DBD62A565D3400D6F1A9 /* Info.plist */,
				EA11DBCE2A565D3300D6F1A9 /* CollectionView.xcdatamodeld */,
				EA11DBE62A56CA8B00D6F1A9 /* HorizontalCollectionViewCell.swift */,
				EAF17F962A58DD4D000ECEC6 /* ViewController.swift */,
				EAF17F982A59123B000ECEC6 /* TitleSupplementaryView.swift */,
				EAF17F9A2A5914A1000ECEC6 /* CollectionViewCell.swift */,
			);
			path = CollectionView;
			sourceTree = "<group>";
		};
/* End PBXGroup section */

/* Begin PBXNativeTarget section */
		EA11DBC12A565D3300D6F1A9 /* CollectionView */ = {
			isa = PBXNativeTarget;
			buildConfigurationList = EA11DBD92A565D3400D6F1A9 /* Build configuration list for PBXNativeTarget "CollectionView" */;
			buildPhases = (
				EA11DBBE2A565D3300D6F1A9 /* Sources */,
				EA11DBBF2A565D3300D6F1A9 /* Frameworks */,
				EA11DBC02A565D3300D6F1A9 /* Resources */,
			);
			buildRules = (
			);
			dependencies = (
			);
			name = CollectionView;
			packageProductDependencies = (
				EA11DBE12A56C57800D6F1A9 /* SnapKit */,
				EA11DBE42A56C58200D6F1A9 /* Then */,
			);
			productName = CollectionView;
			productReference = EA11DBC22A565D3300D6F1A9 /* CollectionView.app */;
			productType = "com.apple.product-type.application";
		};
/* End PBXNativeTarget section */

/* Begin PBXProject section */
		EA11DBBA2A565D3300D6F1A9 /* Project object */ = {
			isa = PBXProject;
			attributes = {
				BuildIndependentTargetsInParallel = 1;
				LastSwiftUpdateCheck = 1430;
				LastUpgradeCheck = 1430;
				TargetAttributes = {
					EA11DBC12A565D3300D6F1A9 = {
						CreatedOnToolsVersion = 14.3.1;
					};
				};
			};
			buildConfigurationList = EA11DBBD2A565D3300D6F1A9 /* Build configuration list for PBXProject "CollectionView" */;
			compatibilityVersion = "Xcode 14.0";
			developmentRegion = en;
			hasScannedForEncodings = 0;
			knownRegions = (
				en,
				Base,
			);
			mainGroup = EA11DBB92A565D3300D6F1A9;
			packageReferences = (
				EA11DBE02A56C57800D6F1A9 /* XCRemoteSwiftPackageReference "SnapKit" */,
				EA11DBE32A56C58200D6F1A9 /* XCRemoteSwiftPackageReference "Then" */,
			);
			productRefGroup = EA11DBC32A565D3300D6F1A9 /* Products */;
			projectDirPath = "";
			projectRoot = "";
			targets = (
				EA11DBC12A565D3300D6F1A9 /* CollectionView */,
			);
		};
/* End PBXProject section */

/* Begin PBXResourcesBuildPhase section */
		EA11DBC02A565D3300D6F1A9 /* Resources */ = {
			isa = PBXResourcesBuildPhase;
			buildActionMask = 2147483647;
			files = (
				EA11DBD52A565D3400D6F1A9 /* LaunchScreen.storyboard in Resources */,
				EA11DBD22A565D3400D6F1A9 /* Assets.xcassets in Resources */,
			);
			runOnlyForDeploymentPostprocessing = 0;
		};
/* End PBXResourcesBuildPhase section */

/* Begin PBXSourcesBuildPhase section */
		EA11DBBE2A565D3300D6F1A9 /* Sources */ = {
			isa = PBXSourcesBuildPhase;
			buildActionMask = 2147483647;
			files = (
				EA6EC2CC2A56F4CF00DC0DD2 /* HorizontalScrollViewController.swift in Sources */,
				EA11DBE72A56CA8B00D6F1A9 /* HorizontalCollectionViewCell.swift in Sources */,
				EAF17F9B2A5914A1000ECEC6 /* CollectionViewCell.swift in Sources */,
				EA11DBCA2A565D3300D6F1A9 /* HorizontalViewController.swift in Sources */,
				EA11DBC62A565D3300D6F1A9 /* AppDelegate.swift in Sources */,
				EAF17F972A58DD4D000ECEC6 /* ViewController.swift in Sources */,
				EAF17F992A59123B000ECEC6 /* TitleSupplementaryView.swift in Sources */,
				EA11DBD02A565D3300D6F1A9 /* CollectionView.xcdatamodeld in Sources */,
				EA11DBC82A565D3300D6F1A9 /* SceneDelegate.swift in Sources */,
			);
			runOnlyForDeploymentPostprocessing = 0;
		};
/* End PBXSourcesBuildPhase section */

/* Begin PBXVariantGroup section */
		EA11DBD32A565D3400D6F1A9 /* LaunchScreen.storyboard */ = {
			isa = PBXVariantGroup;
			children = (
				EA11DBD42A565D3400D6F1A9 /* Base */,
			);
			name = LaunchScreen.storyboard;
			sourceTree = "<group>";
		};
/* End PBXVariantGroup section */

/* Begin XCBuildConfiguration section */
		EA11DBD72A565D3400D6F1A9 /* Debug */ = {
			isa = XCBuildConfiguration;
			buildSettings = {
				ALWAYS_SEARCH_USER_PATHS = NO;
				CLANG_ANALYZER_NONNULL = YES;
				CLANG_ANALYZER_NUMBER_OBJECT_CONVERSION = YES_AGGRESSIVE;
				CLANG_CXX_LANGUAGE_STANDARD = "gnu++20";
				CLANG_ENABLE_MODULES = YES;
				CLANG_ENABLE_OBJC_ARC = YES;
				CLANG_ENABLE_OBJC_WEAK = YES;
				CLANG_WARN_BLOCK_CAPTURE_AUTORELEASING = YES;
				CLANG_WARN_BOOL_CONVERSION = YES;
				CLANG_WARN_COMMA = YES;
				CLANG_WARN_CONSTANT_CONVERSION = YES;
				CLANG_WARN_DEPRECATED_OBJC_IMPLEMENTATIONS = YES;
				CLANG_WARN_DIRECT_OBJC_ISA_USAGE = YES_ERROR;
				CLANG_WARN_DOCUMENTATION_COMMENTS = YES;
				CLANG_WARN_EMPTY_BODY = YES;
				CLANG_WARN_ENUM_CONVERSION = YES;
				CLANG_WARN_INFINITE_RECURSION = YES;
				CLANG_WARN_INT_CONVERSION = YES;
				CLANG_WARN_NON_LITERAL_NULL_CONVERSION = YES;
				CLANG_WARN_OBJC_IMPLICIT_RETAIN_SELF = YES;
				CLANG_WARN_OBJC_LITERAL_CONVERSION = YES;
				CLANG_WARN_OBJC_ROOT_CLASS = YES_ERROR;
				CLANG_WARN_QUOTED_INCLUDE_IN_FRAMEWORK_HEADER = YES;
				CLANG_WARN_RANGE_LOOP_ANALYSIS = YES;
				CLANG_WARN_STRICT_PROTOTYPES = YES;
				CLANG_WARN_SUSPICIOUS_MOVE = YES;
				CLANG_WARN_UNGUARDED_AVAILABILITY = YES_AGGRESSIVE;
				CLANG_WARN_UNREACHABLE_CODE = YES;
				CLANG_WARN__DUPLICATE_METHOD_MATCH = YES;
				COPY_PHASE_STRIP = NO;
				DEBUG_INFORMATION_FORMAT = dwarf;
				ENABLE_STRICT_OBJC_MSGSEND = YES;
				ENABLE_TESTABILITY = YES;
				GCC_C_LANGUAGE_STANDARD = gnu11;
				GCC_DYNAMIC_NO_PIC = NO;
				GCC_NO_COMMON_BLOCKS = YES;
				GCC_OPTIMIZATION_LEVEL = 0;
				GCC_PREPROCESSOR_DEFINITIONS = (
					"DEBUG=1",
					"$(inherited)",
				);
				GCC_WARN_64_TO_32_BIT_CONVERSION = YES;
				GCC_WARN_ABOUT_RETURN_TYPE = YES_ERROR;
				GCC_WARN_UNDECLARED_SELECTOR = YES;
				GCC_WARN_UNINITIALIZED_AUTOS = YES_AGGRESSIVE;
				GCC_WARN_UNUSED_FUNCTION = YES;
				GCC_WARN_UNUSED_VARIABLE = YES;
				IPHONEOS_DEPLOYMENT_TARGET = 16.4;
				MTL_ENABLE_DEBUG_INFO = INCLUDE_SOURCE;
				MTL_FAST_MATH = YES;
				ONLY_ACTIVE_ARCH = YES;
				SDKROOT = iphoneos;
				SWIFT_ACTIVE_COMPILATION_CONDITIONS = DEBUG;
				SWIFT_OPTIMIZATION_LEVEL = "-Onone";
			};
			name = Debug;
		};
		EA11DBD82A565D3400D6F1A9 /* Release */ = {
			isa = XCBuildConfiguration;
			buildSettings = {
				ALWAYS_SEARCH_USER_PATHS = NO;
				CLANG_ANALYZER_NONNULL = YES;
				CLANG_ANALYZER_NUMBER_OBJECT_CONVERSION = YES_AGGRESSIVE;
				CLANG_CXX_LANGUAGE_STANDARD = "gnu++20";
				CLANG_ENABLE_MODULES = YES;
				CLANG_ENABLE_OBJC_ARC = YES;
				CLANG_ENABLE_OBJC_WEAK = YES;
				CLANG_WARN_BLOCK_CAPTURE_AUTORELEASING = YES;
				CLANG_WARN_BOOL_CONVERSION = YES;
				CLANG_WARN_COMMA = YES;
				CLANG_WARN_CONSTANT_CONVERSION = YES;
				CLANG_WARN_DEPRECATED_OBJC_IMPLEMENTATIONS = YES;
				CLANG_WARN_DIRECT_OBJC_ISA_USAGE = YES_ERROR;
				CLANG_WARN_DOCUMENTATION_COMMENTS = YES;
				CLANG_WARN_EMPTY_BODY = YES;
				CLANG_WARN_ENUM_CONVERSION = YES;
				CLANG_WARN_INFINITE_RECURSION = YES;
				CLANG_WARN_INT_CONVERSION = YES;
				CLANG_WARN_NON_LITERAL_NULL_CONVERSION = YES;
				CLANG_WARN_OBJC_IMPLICIT_RETAIN_SELF = YES;
				CLANG_WARN_OBJC_LITERAL_CONVERSION = YES;
				CLANG_WARN_OBJC_ROOT_CLASS = YES_ERROR;
				CLANG_WARN_QUOTED_INCLUDE_IN_FRAMEWORK_HEADER = YES;
				CLANG_WARN_RANGE_LOOP_ANALYSIS = YES;
				CLANG_WARN_STRICT_PROTOTYPES = YES;
				CLANG_WARN_SUSPICIOUS_MOVE = YES;
				CLANG_WARN_UNGUARDED_AVAILABILITY = YES_AGGRESSIVE;
				CLANG_WARN_UNREACHABLE_CODE = YES;
				CLANG_WARN__DUPLICATE_METHOD_MATCH = YES;
				COPY_PHASE_STRIP = NO;
				DEBUG_INFORMATION_FORMAT = "dwarf-with-dsym";
				ENABLE_NS_ASSERTIONS = NO;
				ENABLE_STRICT_OBJC_MSGSEND = YES;
				GCC_C_LANGUAGE_STANDARD = gnu11;
				GCC_NO_COMMON_BLOCKS = YES;
				GCC_WARN_64_TO_32_BIT_CONVERSION = YES;
				GCC_WARN_ABOUT_RETURN_TYPE = YES_ERROR;
				GCC_WARN_UNDECLARED_SELECTOR = YES;
				GCC_WARN_UNINITIALIZED_AUTOS = YES_AGGRESSIVE;
				GCC_WARN_UNUSED_FUNCTION = YES;
				GCC_WARN_UNUSED_VARIABLE = YES;
				IPHONEOS_DEPLOYMENT_TARGET = 16.4;
				MTL_ENABLE_DEBUG_INFO = NO;
				MTL_FAST_MATH = YES;
				SDKROOT = iphoneos;
				SWIFT_COMPILATION_MODE = wholemodule;
				SWIFT_OPTIMIZATION_LEVEL = "-O";
				VALIDATE_PRODUCT = YES;
			};
			name = Release;
		};
		EA11DBDA2A565D3400D6F1A9 /* Debug */ = {
			isa = XCBuildConfiguration;
			buildSettings = {
				ASSETCATALOG_COMPILER_APPICON_NAME = AppIcon;
				ASSETCATALOG_COMPILER_GLOBAL_ACCENT_COLOR_NAME = AccentColor;
				CODE_SIGN_STYLE = Automatic;
				CURRENT_PROJECT_VERSION = 1;
				GENERATE_INFOPLIST_FILE = YES;
				INFOPLIST_FILE = CollectionView/Info.plist;
				INFOPLIST_KEY_UIApplicationSupportsIndirectInputEvents = YES;
				INFOPLIST_KEY_UILaunchStoryboardName = LaunchScreen;
				INFOPLIST_KEY_UIMainStoryboardFile = "";
				INFOPLIST_KEY_UISupportedInterfaceOrientations_iPad = "UIInterfaceOrientationPortrait UIInterfaceOrientationPortraitUpsideDown UIInterfaceOrientationLandscapeLeft UIInterfaceOrientationLandscapeRight";
				INFOPLIST_KEY_UISupportedInterfaceOrientations_iPhone = "UIInterfaceOrientationPortrait UIInterfaceOrientationLandscapeLeft UIInterfaceOrientationLandscapeRight";
				LD_RUNPATH_SEARCH_PATHS = (
					"$(inherited)",
					"@executable_path/Frameworks",
				);
				MARKETING_VERSION = 1.0;
				PRODUCT_BUNDLE_IDENTIFIER = user.CollectionView;
				PRODUCT_NAME = "$(TARGET_NAME)";
				SWIFT_EMIT_LOC_STRINGS = YES;
				SWIFT_VERSION = 5.0;
				TARGETED_DEVICE_FAMILY = "1,2";
			};
			name = Debug;
		};
		EA11DBDB2A565D3400D6F1A9 /* Release */ = {
			isa = XCBuildConfiguration;
			buildSettings = {
				ASSETCATALOG_COMPILER_APPICON_NAME = AppIcon;
				ASSETCATALOG_COMPILER_GLOBAL_ACCENT_COLOR_NAME = AccentColor;
				CODE_SIGN_STYLE = Automatic;
				CURRENT_PROJECT_VERSION = 1;
				GENERATE_INFOPLIST_FILE = YES;
				INFOPLIST_FILE = CollectionView/Info.plist;
				INFOPLIST_KEY_UIApplicationSupportsIndirectInputEvents = YES;
				INFOPLIST_KEY_UILaunchStoryboardName = LaunchScreen;
				INFOPLIST_KEY_UIMainStoryboardFile = "";
				INFOPLIST_KEY_UISupportedInterfaceOrientations_iPad = "UIInterfaceOrientationPortrait UIInterfaceOrientationPortraitUpsideDown UIInterfaceOrientationLandscapeLeft UIInterfaceOrientationLandscapeRight";
				INFOPLIST_KEY_UISupportedInterfaceOrientations_iPhone = "UIInterfaceOrientationPortrait UIInterfaceOrientationLandscapeLeft UIInterfaceOrientationLandscapeRight";
				LD_RUNPATH_SEARCH_PATHS = (
					"$(inherited)",
					"@executable_path/Frameworks",
				);
				MARKETING_VERSION = 1.0;
				PRODUCT_BUNDLE_IDENTIFIER = user.CollectionView;
				PRODUCT_NAME = "$(TARGET_NAME)";
				SWIFT_EMIT_LOC_STRINGS = YES;
				SWIFT_VERSION = 5.0;
				TARGETED_DEVICE_FAMILY = "1,2";
			};
			name = Release;
		};
/* End XCBuildConfiguration section */

/* Begin XCConfigurationList section */
		EA11DBBD2A565D3300D6F1A9 /* Build configuration list for PBXProject "CollectionView" */ = {
			isa = XCConfigurationList;
			buildConfigurations = (
				EA11DBD72A565D3400D6F1A9 /* Debug */,
				EA11DBD82A565D3400D6F1A9 /* Release */,
			);
			defaultConfigurationIsVisible = 0;
			defaultConfigurationName = Release;
		};
		EA11DBD92A565D3400D6F1A9 /* Build configuration list for PBXNativeTarget "CollectionView" */ = {
			isa = XCConfigurationList;
			buildConfigurations = (
				EA11DBDA2A565D3400D6F1A9 /* Debug */,
				EA11DBDB2A565D3400D6F1A9 /* Release */,
			);
			defaultConfigurationIsVisible = 0;
			defaultConfigurationName = Release;
		};
/* End XCConfigurationList section */

/* Begin XCRemoteSwiftPackageReference section */
		EA11DBE02A56C57800D6F1A9 /* XCRemoteSwiftPackageReference "SnapKit" */ = {
			isa = XCRemoteSwiftPackageReference;
			repositoryURL = "https://github.com/SnapKit/SnapKit.git";
			requirement = {
				kind = upToNextMajorVersion;
				minimumVersion = 5.0.0;
			};
		};
		EA11DBE32A56C58200D6F1A9 /* XCRemoteSwiftPackageReference "Then" */ = {
			isa = XCRemoteSwiftPackageReference;
			repositoryURL = "https://github.com/devxoul/Then";
			requirement = {
				kind = upToNextMajorVersion;
				minimumVersion = 3.0.0;
			};
		};
/* End XCRemoteSwiftPackageReference section */

/* Begin XCSwiftPackageProductDependency section */
		EA11DBE12A56C57800D6F1A9 /* SnapKit */ = {
			isa = XCSwiftPackageProductDependency;
			package = EA11DBE02A56C57800D6F1A9 /* XCRemoteSwiftPackageReference "SnapKit" */;
			productName = SnapKit;
		};
		EA11DBE42A56C58200D6F1A9 /* Then */ = {
			isa = XCSwiftPackageProductDependency;
			package = EA11DBE32A56C58200D6F1A9 /* XCRemoteSwiftPackageReference "Then" */;
			productName = Then;
		};
/* End XCSwiftPackageProductDependency section */

/* Begin XCVersionGroup section */
		EA11DBCE2A565D3300D6F1A9 /* CollectionView.xcdatamodeld */ = {
			isa = XCVersionGroup;
			children = (
				EA11DBCF2A565D3300D6F1A9 /* CollectionView.xcdatamodel */,
			);
			currentVersion = EA11DBCF2A565D3300D6F1A9 /* CollectionView.xcdatamodel */;
			path = CollectionView.xcdatamodeld;
			sourceTree = "<group>";
			versionGroupType = wrapper.xcdatamodel;
		};
/* End XCVersionGroup section */
	};
	rootObject = EA11DBBA2A565D3300D6F1A9 /* Project object */;
}
