// !$*UTF8*$!
{
	archiveVersion = 1;
	classes = {
	};
	objectVersion = 56;
	objects = {

/* Begin PBXBuildFile section */
		EA1D6E1729E6884B006F4815 /* AppDelegate.swift in Sources */ = {isa = PBXBuildFile; fileRef = EA1D6E1629E6884B006F4815 /* AppDelegate.swift */; };
		EA1D6E1929E6884B006F4815 /* SceneDelegate.swift in Sources */ = {isa = PBXBuildFile; fileRef = EA1D6E1829E6884B006F4815 /* SceneDelegate.swift */; };
		EA1D6E1B29E6884B006F4815 /* FirstVC.swift in Sources */ = {isa = PBXBuildFile; fileRef = EA1D6E1A29E6884B006F4815 /* FirstVC.swift */; };
		EA1D6E2029E6884C006F4815 /* Assets.xcassets in Resources */ = {isa = PBXBuildFile; fileRef = EA1D6E1F29E6884C006F4815 /* Assets.xcassets */; };
		EA1D6E2B29E689EB006F4815 /* ViewController+Ext.swift in Sources */ = {isa = PBXBuildFile; fileRef = EA1D6E2A29E689EB006F4815 /* ViewController+Ext.swift */; };
		EA50286229E68AFC00D8D09E /* SnapKit in Frameworks */ = {isa = PBXBuildFile; productRef = EA50286129E68AFC00D8D09E /* SnapKit */; };
		EA50286529E68B0600D8D09E /* Then in Frameworks */ = {isa = PBXBuildFile; productRef = EA50286429E68B0600D8D09E /* Then */; };
		EAAB8BB229E7C3D7006B9908 /* AlignedIconBtn.swift in Sources */ = {isa = PBXBuildFile; fileRef = EAAB8BB129E7C3D7006B9908 /* AlignedIconBtn.swift */; };
		EAD0F53E29E93715004B597F /* TestView.swift in Sources */ = {isa = PBXBuildFile; fileRef = EAD0F53D29E93715004B597F /* TestView.swift */; };
		EAD0F54129E937A3004B597F /* View+Ext.swift in Sources */ = {isa = PBXBuildFile; fileRef = EAD0F54029E937A3004B597F /* View+Ext.swift */; };
		EAD0F54429E94DC7004B597F /* SecondVC.swift in Sources */ = {isa = PBXBuildFile; fileRef = EAD0F54329E94DC7004B597F /* SecondVC.swift */; };
/* End PBXBuildFile section */

/* Begin PBXFileReference section */
		EA1D6E1329E6884B006F4815 /* mission_01-2.app */ = {isa = PBXFileReference; explicitFileType = wrapper.application; includeInIndex = 0; path = "mission_01-2.app"; sourceTree = BUILT_PRODUCTS_DIR; };
		EA1D6E1629E6884B006F4815 /* AppDelegate.swift */ = {isa = PBXFileReference; lastKnownFileType = sourcecode.swift; path = AppDelegate.swift; sourceTree = "<group>"; };
		EA1D6E1829E6884B006F4815 /* SceneDelegate.swift */ = {isa = PBXFileReference; lastKnownFileType = sourcecode.swift; path = SceneDelegate.swift; sourceTree = "<group>"; };
		EA1D6E1A29E6884B006F4815 /* FirstVC.swift */ = {isa = PBXFileReference; lastKnownFileType = sourcecode.swift; path = FirstVC.swift; sourceTree = "<group>"; };
		EA1D6E1F29E6884C006F4815 /* Assets.xcassets */ = {isa = PBXFileReference; lastKnownFileType = folder.assetcatalog; path = Assets.xcassets; sourceTree = "<group>"; };
		EA1D6E2429E6884C006F4815 /* Info.plist */ = {isa = PBXFileReference; lastKnownFileType = text.plist.xml; path = Info.plist; sourceTree = "<group>"; };
		EA1D6E2A29E689EB006F4815 /* ViewController+Ext.swift */ = {isa = PBXFileReference; lastKnownFileType = sourcecode.swift; path = "ViewController+Ext.swift"; sourceTree = "<group>"; };
		EAAB8BB129E7C3D7006B9908 /* AlignedIconBtn.swift */ = {isa = PBXFileReference; lastKnownFileType = sourcecode.swift; path = AlignedIconBtn.swift; sourceTree = "<group>"; };
		EAD0F53D29E93715004B597F /* TestView.swift */ = {isa = PBXFileReference; lastKnownFileType = sourcecode.swift; path = TestView.swift; sourceTree = "<group>"; };
		EAD0F54029E937A3004B597F /* View+Ext.swift */ = {isa = PBXFileReference; lastKnownFileType = sourcecode.swift; path = "View+Ext.swift"; sourceTree = "<group>"; };
		EAD0F54329E94DC7004B597F /* SecondVC.swift */ = {isa = PBXFileReference; lastKnownFileType = sourcecode.swift; path = SecondVC.swift; sourceTree = "<group>"; };
/* End PBXFileReference section */

/* Begin PBXFrameworksBuildPhase section */
		EA1D6E1029E6884B006F4815 /* Frameworks */ = {
			isa = PBXFrameworksBuildPhase;
			buildActionMask = 2147483647;
			files = (
				EA50286229E68AFC00D8D09E /* SnapKit in Frameworks */,
				EA50286529E68B0600D8D09E /* Then in Frameworks */,
			);
			runOnlyForDeploymentPostprocessing = 0;
		};
/* End PBXFrameworksBuildPhase section */

/* Begin PBXGroup section */
		EA1D6E0A29E6884B006F4815 = {
			isa = PBXGroup;
			children = (
				EA1D6E1529E6884B006F4815 /* mission_01-2 */,
				EA1D6E1429E6884B006F4815 /* Products */,
			);
			sourceTree = "<group>";
		};
		EA1D6E1429E6884B006F4815 /* Products */ = {
			isa = PBXGroup;
			children = (
				EA1D6E1329E6884B006F4815 /* mission_01-2.app */,
			);
			name = Products;
			sourceTree = "<group>";
		};
		EA1D6E1529E6884B006F4815 /* mission_01-2 */ = {
			isa = PBXGroup;
			children = (
				EAD0F54229E937D1004B597F /* TestFiles */,
				EAD0F53F29E9378B004B597F /* Ext */,
				EAD0F53C29E91F78004B597F /* Components */,
				EA1D6E1629E6884B006F4815 /* AppDelegate.swift */,
				EA1D6E1829E6884B006F4815 /* SceneDelegate.swift */,
				EA1D6E1A29E6884B006F4815 /* FirstVC.swift */,
				EAD0F54329E94DC7004B597F /* SecondVC.swift */,
				EA1D6E1F29E6884C006F4815 /* Assets.xcassets */,
				EA1D6E2429E6884C006F4815 /* Info.plist */,
			);
			path = "mission_01-2";
			sourceTree = "<group>";
		};
		EAD0F53C29E91F78004B597F /* Components */ = {
			isa = PBXGroup;
			children = (
				EAAB8BB129E7C3D7006B9908 /* AlignedIconBtn.swift */,
			);
			path = Components;
			sourceTree = "<group>";
		};
		EAD0F53F29E9378B004B597F /* Ext */ = {
			isa = PBXGroup;
			children = (
				EA1D6E2A29E689EB006F4815 /* ViewController+Ext.swift */,
				EAD0F54029E937A3004B597F /* View+Ext.swift */,
			);
			path = Ext;
			sourceTree = "<group>";
		};
		EAD0F54229E937D1004B597F /* TestFiles */ = {
			isa = PBXGroup;
			children = (
				EAD0F53D29E93715004B597F /* TestView.swift */,
			);
			path = TestFiles;
			sourceTree = "<group>";
		};
/* End PBXGroup section */

/* Begin PBXNativeTarget section */
		EA1D6E1229E6884B006F4815 /* mission_01-2 */ = {
			isa = PBXNativeTarget;
			buildConfigurationList = EA1D6E2729E6884C006F4815 /* Build configuration list for PBXNativeTarget "mission_01-2" */;
			buildPhases = (
				EA1D6E0F29E6884B006F4815 /* Sources */,
				EA1D6E1029E6884B006F4815 /* Frameworks */,
				EA1D6E1129E6884B006F4815 /* Resources */,
			);
			buildRules = (
			);
			dependencies = (
			);
			name = "mission_01-2";
			packageProductDependencies = (
				EA50286129E68AFC00D8D09E /* SnapKit */,
				EA50286429E68B0600D8D09E /* Then */,
			);
			productName = "mission_01-2";
			productReference = EA1D6E1329E6884B006F4815 /* mission_01-2.app */;
			productType = "com.apple.product-type.application";
		};
/* End PBXNativeTarget section */

/* Begin PBXProject section */
		EA1D6E0B29E6884B006F4815 /* Project object */ = {
			isa = PBXProject;
			attributes = {
				BuildIndependentTargetsInParallel = 1;
				LastSwiftUpdateCheck = 1430;
				LastUpgradeCheck = 1430;
				TargetAttributes = {
					EA1D6E1229E6884B006F4815 = {
						CreatedOnToolsVersion = 14.3;
					};
				};
			};
			buildConfigurationList = EA1D6E0E29E6884B006F4815 /* Build configuration list for PBXProject "mission_01-2" */;
			compatibilityVersion = "Xcode 14.0";
			developmentRegion = en;
			hasScannedForEncodings = 0;
			knownRegions = (
				en,
				Base,
			);
			mainGroup = EA1D6E0A29E6884B006F4815;
			packageReferences = (
				EA50286029E68AFC00D8D09E /* XCRemoteSwiftPackageReference "SnapKit" */,
				EA50286329E68B0600D8D09E /* XCRemoteSwiftPackageReference "Then" */,
			);
			productRefGroup = EA1D6E1429E6884B006F4815 /* Products */;
			projectDirPath = "";
			projectRoot = "";
			targets = (
				EA1D6E1229E6884B006F4815 /* mission_01-2 */,
			);
		};
/* End PBXProject section */

/* Begin PBXResourcesBuildPhase section */
		EA1D6E1129E6884B006F4815 /* Resources */ = {
			isa = PBXResourcesBuildPhase;
			buildActionMask = 2147483647;
			files = (
				EA1D6E2029E6884C006F4815 /* Assets.xcassets in Resources */,
			);
			runOnlyForDeploymentPostprocessing = 0;
		};
/* End PBXResourcesBuildPhase section */

/* Begin PBXSourcesBuildPhase section */
		EA1D6E0F29E6884B006F4815 /* Sources */ = {
			isa = PBXSourcesBuildPhase;
			buildActionMask = 2147483647;
			files = (
				EAD0F54129E937A3004B597F /* View+Ext.swift in Sources */,
				EAD0F53E29E93715004B597F /* TestView.swift in Sources */,
				EA1D6E1B29E6884B006F4815 /* FirstVC.swift in Sources */,
				EAAB8BB229E7C3D7006B9908 /* AlignedIconBtn.swift in Sources */,
				EA1D6E1729E6884B006F4815 /* AppDelegate.swift in Sources */,
				EA1D6E2B29E689EB006F4815 /* ViewController+Ext.swift in Sources */,
				EAD0F54429E94DC7004B597F /* SecondVC.swift in Sources */,
				EA1D6E1929E6884B006F4815 /* SceneDelegate.swift in Sources */,
			);
			runOnlyForDeploymentPostprocessing = 0;
		};
/* End PBXSourcesBuildPhase section */

/* Begin XCBuildConfiguration section */
		EA1D6E2529E6884C006F4815 /* Debug */ = {
			isa = XCBuildConfiguration;
			buildSettings = {
				ALWAYS_SEARCH_USER_PATHS = NO;
				CLANG_ANALYZER_NONNULL = YES;
				CLANG_ANALYZER_NUMBER_OBJECT_CONVERSION = YES_AGGRESSIVE;
				CLANG_CXX_LANGUAGE_STANDARD = "gnu++20";
				CLANG_ENABLE_MODULES = YES;
				CLANG_ENABLE_OBJC_ARC = YES;
				CLANG_ENABLE_OBJC_WEAK = YES;
				CLANG_WARN_BLOCK_CAPTURE_AUTORELEASING = YES;
				CLANG_WARN_BOOL_CONVERSION = YES;
				CLANG_WARN_COMMA = YES;
				CLANG_WARN_CONSTANT_CONVERSION = YES;
				CLANG_WARN_DEPRECATED_OBJC_IMPLEMENTATIONS = YES;
				CLANG_WARN_DIRECT_OBJC_ISA_USAGE = YES_ERROR;
				CLANG_WARN_DOCUMENTATION_COMMENTS = YES;
				CLANG_WARN_EMPTY_BODY = YES;
				CLANG_WARN_ENUM_CONVERSION = YES;
				CLANG_WARN_INFINITE_RECURSION = YES;
				CLANG_WARN_INT_CONVERSION = YES;
				CLANG_WARN_NON_LITERAL_NULL_CONVERSION = YES;
				CLANG_WARN_OBJC_IMPLICIT_RETAIN_SELF = YES;
				CLANG_WARN_OBJC_LITERAL_CONVERSION = YES;
				CLANG_WARN_OBJC_ROOT_CLASS = YES_ERROR;
				CLANG_WARN_QUOTED_INCLUDE_IN_FRAMEWORK_HEADER = YES;
				CLANG_WARN_RANGE_LOOP_ANALYSIS = YES;
				CLANG_WARN_STRICT_PROTOTYPES = YES;
				CLANG_WARN_SUSPICIOUS_MOVE = YES;
				CLANG_WARN_UNGUARDED_AVAILABILITY = YES_AGGRESSIVE;
				CLANG_WARN_UNREACHABLE_CODE = YES;
				CLANG_WARN__DUPLICATE_METHOD_MATCH = YES;
				COPY_PHASE_STRIP = NO;
				DEBUG_INFORMATION_FORMAT = dwarf;
				ENABLE_STRICT_OBJC_MSGSEND = YES;
				ENABLE_TESTABILITY = YES;
				GCC_C_LANGUAGE_STANDARD = gnu11;
				GCC_DYNAMIC_NO_PIC = NO;
				GCC_NO_COMMON_BLOCKS = YES;
				GCC_OPTIMIZATION_LEVEL = 0;
				GCC_PREPROCESSOR_DEFINITIONS = (
					"DEBUG=1",
					"$(inherited)",
				);
				GCC_WARN_64_TO_32_BIT_CONVERSION = YES;
				GCC_WARN_ABOUT_RETURN_TYPE = YES_ERROR;
				GCC_WARN_UNDECLARED_SELECTOR = YES;
				GCC_WARN_UNINITIALIZED_AUTOS = YES_AGGRESSIVE;
				GCC_WARN_UNUSED_FUNCTION = YES;
				GCC_WARN_UNUSED_VARIABLE = YES;
				IPHONEOS_DEPLOYMENT_TARGET = 16.4;
				MTL_ENABLE_DEBUG_INFO = INCLUDE_SOURCE;
				MTL_FAST_MATH = YES;
				ONLY_ACTIVE_ARCH = YES;
				SDKROOT = iphoneos;
				SWIFT_ACTIVE_COMPILATION_CONDITIONS = DEBUG;
				SWIFT_OPTIMIZATION_LEVEL = "-Onone";
			};
			name = Debug;
		};
		EA1D6E2629E6884C006F4815 /* Release */ = {
			isa = XCBuildConfiguration;
			buildSettings = {
				ALWAYS_SEARCH_USER_PATHS = NO;
				CLANG_ANALYZER_NONNULL = YES;
				CLANG_ANALYZER_NUMBER_OBJECT_CONVERSION = YES_AGGRESSIVE;
				CLANG_CXX_LANGUAGE_STANDARD = "gnu++20";
				CLANG_ENABLE_MODULES = YES;
				CLANG_ENABLE_OBJC_ARC = YES;
				CLANG_ENABLE_OBJC_WEAK = YES;
				CLANG_WARN_BLOCK_CAPTURE_AUTORELEASING = YES;
				CLANG_WARN_BOOL_CONVERSION = YES;
				CLANG_WARN_COMMA = YES;
				CLANG_WARN_CONSTANT_CONVERSION = YES;
				CLANG_WARN_DEPRECATED_OBJC_IMPLEMENTATIONS = YES;
				CLANG_WARN_DIRECT_OBJC_ISA_USAGE = YES_ERROR;
				CLANG_WARN_DOCUMENTATION_COMMENTS = YES;
				CLANG_WARN_EMPTY_BODY = YES;
				CLANG_WARN_ENUM_CONVERSION = YES;
				CLANG_WARN_INFINITE_RECURSION = YES;
				CLANG_WARN_INT_CONVERSION = YES;
				CLANG_WARN_NON_LITERAL_NULL_CONVERSION = YES;
				CLANG_WARN_OBJC_IMPLICIT_RETAIN_SELF = YES;
				CLANG_WARN_OBJC_LITERAL_CONVERSION = YES;
				CLANG_WARN_OBJC_ROOT_CLASS = YES_ERROR;
				CLANG_WARN_QUOTED_INCLUDE_IN_FRAMEWORK_HEADER = YES;
				CLANG_WARN_RANGE_LOOP_ANALYSIS = YES;
				CLANG_WARN_STRICT_PROTOTYPES = YES;
				CLANG_WARN_SUSPICIOUS_MOVE = YES;
				CLANG_WARN_UNGUARDED_AVAILABILITY = YES_AGGRESSIVE;
				CLANG_WARN_UNREACHABLE_CODE = YES;
				CLANG_WARN__DUPLICATE_METHOD_MATCH = YES;
				COPY_PHASE_STRIP = NO;
				DEBUG_INFORMATION_FORMAT = "dwarf-with-dsym";
				ENABLE_NS_ASSERTIONS = NO;
				ENABLE_STRICT_OBJC_MSGSEND = YES;
				GCC_C_LANGUAGE_STANDARD = gnu11;
				GCC_NO_COMMON_BLOCKS = YES;
				GCC_WARN_64_TO_32_BIT_CONVERSION = YES;
				GCC_WARN_ABOUT_RETURN_TYPE = YES_ERROR;
				GCC_WARN_UNDECLARED_SELECTOR = YES;
				GCC_WARN_UNINITIALIZED_AUTOS = YES_AGGRESSIVE;
				GCC_WARN_UNUSED_FUNCTION = YES;
				GCC_WARN_UNUSED_VARIABLE = YES;
				IPHONEOS_DEPLOYMENT_TARGET = 16.4;
				MTL_ENABLE_DEBUG_INFO = NO;
				MTL_FAST_MATH = YES;
				SDKROOT = iphoneos;
				SWIFT_COMPILATION_MODE = wholemodule;
				SWIFT_OPTIMIZATION_LEVEL = "-O";
				VALIDATE_PRODUCT = YES;
			};
			name = Release;
		};
		EA1D6E2829E6884C006F4815 /* Debug */ = {
			isa = XCBuildConfiguration;
			buildSettings = {
				ASSETCATALOG_COMPILER_APPICON_NAME = AppIcon;
				ASSETCATALOG_COMPILER_GLOBAL_ACCENT_COLOR_NAME = AccentColor;
				CODE_SIGN_STYLE = Automatic;
				CURRENT_PROJECT_VERSION = 1;
				GENERATE_INFOPLIST_FILE = YES;
				INFOPLIST_FILE = "mission_01-2/Info.plist";
				INFOPLIST_KEY_UIApplicationSupportsIndirectInputEvents = YES;
				INFOPLIST_KEY_UILaunchStoryboardName = LaunchScreen;
				INFOPLIST_KEY_UIMainStoryboardFile = "";
				INFOPLIST_KEY_UISupportedInterfaceOrientations_iPad = "UIInterfaceOrientationPortrait UIInterfaceOrientationPortraitUpsideDown UIInterfaceOrientationLandscapeLeft UIInterfaceOrientationLandscapeRight";
				INFOPLIST_KEY_UISupportedInterfaceOrientations_iPhone = "UIInterfaceOrientationPortrait UIInterfaceOrientationLandscapeLeft UIInterfaceOrientationLandscapeRight";
				LD_RUNPATH_SEARCH_PATHS = (
					"$(inherited)",
					"@executable_path/Frameworks",
				);
				MARKETING_VERSION = 1.0;
				PRODUCT_BUNDLE_IDENTIFIER = "user.mission-01-2";
				PRODUCT_NAME = "$(TARGET_NAME)";
				SWIFT_EMIT_LOC_STRINGS = YES;
				SWIFT_VERSION = 5.0;
				TARGETED_DEVICE_FAMILY = "1,2";
			};
			name = Debug;
		};
		EA1D6E2929E6884C006F4815 /* Release */ = {
			isa = XCBuildConfiguration;
			buildSettings = {
				ASSETCATALOG_COMPILER_APPICON_NAME = AppIcon;
				ASSETCATALOG_COMPILER_GLOBAL_ACCENT_COLOR_NAME = AccentColor;
				CODE_SIGN_STYLE = Automatic;
				CURRENT_PROJECT_VERSION = 1;
				GENERATE_INFOPLIST_FILE = YES;
				INFOPLIST_FILE = "mission_01-2/Info.plist";
				INFOPLIST_KEY_UIApplicationSupportsIndirectInputEvents = YES;
				INFOPLIST_KEY_UILaunchStoryboardName = LaunchScreen;
				INFOPLIST_KEY_UIMainStoryboardFile = "";
				INFOPLIST_KEY_UISupportedInterfaceOrientations_iPad = "UIInterfaceOrientationPortrait UIInterfaceOrientationPortraitUpsideDown UIInterfaceOrientationLandscapeLeft UIInterfaceOrientationLandscapeRight";
				INFOPLIST_KEY_UISupportedInterfaceOrientations_iPhone = "UIInterfaceOrientationPortrait UIInterfaceOrientationLandscapeLeft UIInterfaceOrientationLandscapeRight";
				LD_RUNPATH_SEARCH_PATHS = (
					"$(inherited)",
					"@executable_path/Frameworks",
				);
				MARKETING_VERSION = 1.0;
				PRODUCT_BUNDLE_IDENTIFIER = "user.mission-01-2";
				PRODUCT_NAME = "$(TARGET_NAME)";
				SWIFT_EMIT_LOC_STRINGS = YES;
				SWIFT_VERSION = 5.0;
				TARGETED_DEVICE_FAMILY = "1,2";
			};
			name = Release;
		};
/* End XCBuildConfiguration section */

/* Begin XCConfigurationList section */
		EA1D6E0E29E6884B006F4815 /* Build configuration list for PBXProject "mission_01-2" */ = {
			isa = XCConfigurationList;
			buildConfigurations = (
				EA1D6E2529E6884C006F4815 /* Debug */,
				EA1D6E2629E6884C006F4815 /* Release */,
			);
			defaultConfigurationIsVisible = 0;
			defaultConfigurationName = Release;
		};
		EA1D6E2729E6884C006F4815 /* Build configuration list for PBXNativeTarget "mission_01-2" */ = {
			isa = XCConfigurationList;
			buildConfigurations = (
				EA1D6E2829E6884C006F4815 /* Debug */,
				EA1D6E2929E6884C006F4815 /* Release */,
			);
			defaultConfigurationIsVisible = 0;
			defaultConfigurationName = Release;
		};
/* End XCConfigurationList section */

/* Begin XCRemoteSwiftPackageReference section */
		EA50286029E68AFC00D8D09E /* XCRemoteSwiftPackageReference "SnapKit" */ = {
			isa = XCRemoteSwiftPackageReference;
			repositoryURL = "https://github.com/SnapKit/SnapKit.git";
			requirement = {
				kind = upToNextMajorVersion;
				minimumVersion = 5.0.0;
			};
		};
		EA50286329E68B0600D8D09E /* XCRemoteSwiftPackageReference "Then" */ = {
			isa = XCRemoteSwiftPackageReference;
			repositoryURL = "https://github.com/devxoul/Then";
			requirement = {
				kind = upToNextMajorVersion;
				minimumVersion = 3.0.0;
			};
		};
/* End XCRemoteSwiftPackageReference section */

/* Begin XCSwiftPackageProductDependency section */
		EA50286129E68AFC00D8D09E /* SnapKit */ = {
			isa = XCSwiftPackageProductDependency;
			package = EA50286029E68AFC00D8D09E /* XCRemoteSwiftPackageReference "SnapKit" */;
			productName = SnapKit;
		};
		EA50286429E68B0600D8D09E /* Then */ = {
			isa = XCSwiftPackageProductDependency;
			package = EA50286329E68B0600D8D09E /* XCRemoteSwiftPackageReference "Then" */;
			productName = Then;
		};
/* End XCSwiftPackageProductDependency section */
	};
	rootObject = EA1D6E0B29E6884B006F4815 /* Project object */;
}
