// !$*UTF8*$!
{
	archiveVersion = 1;
	classes = {
	};
	objectVersion = 56;
	objects = {

/* Begin PBXBuildFile section */
		EA1C990129CC820700374EF8 /* SearchVC.swift in Sources */ = {isa = PBXBuildFile; fileRef = EA1C990029CC820700374EF8 /* SearchVC.swift */; };
		EA25EE1429CC37AC009990AC /* AppDelegate.swift in Sources */ = {isa = PBXBuildFile; fileRef = EA25EE1329CC37AC009990AC /* AppDelegate.swift */; };
		EA25EE1629CC37AC009990AC /* SceneDelegate.swift in Sources */ = {isa = PBXBuildFile; fileRef = EA25EE1529CC37AC009990AC /* SceneDelegate.swift */; };
		EA25EE1829CC37AC009990AC /* ViewController.swift in Sources */ = {isa = PBXBuildFile; fileRef = EA25EE1729CC37AC009990AC /* ViewController.swift */; };
		EA25EE1B29CC37AC009990AC /* Main.storyboard in Resources */ = {isa = PBXBuildFile; fileRef = EA25EE1929CC37AC009990AC /* Main.storyboard */; };
		EA25EE1D29CC37AD009990AC /* Assets.xcassets in Resources */ = {isa = PBXBuildFile; fileRef = EA25EE1C29CC37AD009990AC /* Assets.xcassets */; };
		EA25EE2029CC37AD009990AC /* LaunchScreen.storyboard in Resources */ = {isa = PBXBuildFile; fileRef = EA25EE1E29CC37AD009990AC /* LaunchScreen.storyboard */; };
		EA67E98829CCB5F700FC9CA0 /* StudyVC.swift in Sources */ = {isa = PBXBuildFile; fileRef = EA67E98729CCB5F700FC9CA0 /* StudyVC.swift */; };
/* End PBXBuildFile section */

/* Begin PBXFileReference section */
		EA1C990029CC820700374EF8 /* SearchVC.swift */ = {isa = PBXFileReference; lastKnownFileType = sourcecode.swift; path = SearchVC.swift; sourceTree = "<group>"; };
		EA25EE1029CC37AC009990AC /* mission_01.app */ = {isa = PBXFileReference; explicitFileType = wrapper.application; includeInIndex = 0; path = mission_01.app; sourceTree = BUILT_PRODUCTS_DIR; };
		EA25EE1329CC37AC009990AC /* AppDelegate.swift */ = {isa = PBXFileReference; lastKnownFileType = sourcecode.swift; path = AppDelegate.swift; sourceTree = "<group>"; };
		EA25EE1529CC37AC009990AC /* SceneDelegate.swift */ = {isa = PBXFileReference; lastKnownFileType = sourcecode.swift; path = SceneDelegate.swift; sourceTree = "<group>"; };
		EA25EE1729CC37AC009990AC /* ViewController.swift */ = {isa = PBXFileReference; lastKnownFileType = sourcecode.swift; path = ViewController.swift; sourceTree = "<group>"; };
		EA25EE1A29CC37AC009990AC /* Base */ = {isa = PBXFileReference; lastKnownFileType = file.storyboard; name = Base; path = Base.lproj/Main.storyboard; sourceTree = "<group>"; };
		EA25EE1C29CC37AD009990AC /* Assets.xcassets */ = {isa = PBXFileReference; lastKnownFileType = folder.assetcatalog; path = Assets.xcassets; sourceTree = "<group>"; };
		EA25EE1F29CC37AD009990AC /* Base */ = {isa = PBXFileReference; lastKnownFileType = file.storyboard; name = Base; path = Base.lproj/LaunchScreen.storyboard; sourceTree = "<group>"; };
		EA25EE2129CC37AD009990AC /* Info.plist */ = {isa = PBXFileReference; lastKnownFileType = text.plist.xml; path = Info.plist; sourceTree = "<group>"; };
		EA67E98729CCB5F700FC9CA0 /* StudyVC.swift */ = {isa = PBXFileReference; lastKnownFileType = sourcecode.swift; path = StudyVC.swift; sourceTree = "<group>"; };
/* End PBXFileReference section */

/* Begin PBXFrameworksBuildPhase section */
		EA25EE0D29CC37AC009990AC /* Frameworks */ = {
			isa = PBXFrameworksBuildPhase;
			buildActionMask = 2147483647;
			files = (
			);
			runOnlyForDeploymentPostprocessing = 0;
		};
/* End PBXFrameworksBuildPhase section */

/* Begin PBXGroup section */
		EA25EE0729CC37AC009990AC = {
			isa = PBXGroup;
			children = (
				EA25EE1229CC37AC009990AC /* mission_01 */,
				EA25EE1129CC37AC009990AC /* Products */,
			);
			sourceTree = "<group>";
		};
		EA25EE1129CC37AC009990AC /* Products */ = {
			isa = PBXGroup;
			children = (
				EA25EE1029CC37AC009990AC /* mission_01.app */,
			);
			name = Products;
			sourceTree = "<group>";
		};
		EA25EE1229CC37AC009990AC /* mission_01 */ = {
			isa = PBXGroup;
			children = (
				EA25EE1329CC37AC009990AC /* AppDelegate.swift */,
				EA25EE1529CC37AC009990AC /* SceneDelegate.swift */,
				EA25EE1729CC37AC009990AC /* ViewController.swift */,
				EA25EE1929CC37AC009990AC /* Main.storyboard */,
				EA25EE1C29CC37AD009990AC /* Assets.xcassets */,
				EA25EE1E29CC37AD009990AC /* LaunchScreen.storyboard */,
				EA25EE2129CC37AD009990AC /* Info.plist */,
				EA1C990029CC820700374EF8 /* SearchVC.swift */,
				EA67E98729CCB5F700FC9CA0 /* StudyVC.swift */,
			);
			path = mission_01;
			sourceTree = "<group>";
		};
/* End PBXGroup section */

/* Begin PBXNativeTarget section */
		EA25EE0F29CC37AC009990AC /* mission_01 */ = {
			isa = PBXNativeTarget;
			buildConfigurationList = EA25EE2429CC37AD009990AC /* Build configuration list for PBXNativeTarget "mission_01" */;
			buildPhases = (
				EA25EE0C29CC37AC009990AC /* Sources */,
				EA25EE0D29CC37AC009990AC /* Frameworks */,
				EA25EE0E29CC37AC009990AC /* Resources */,
			);
			buildRules = (
			);
			dependencies = (
			);
			name = mission_01;
			productName = mission_01;
			productReference = EA25EE1029CC37AC009990AC /* mission_01.app */;
			productType = "com.apple.product-type.application";
		};
/* End PBXNativeTarget section */

/* Begin PBXProject section */
		EA25EE0829CC37AC009990AC /* Project object */ = {
			isa = PBXProject;
			attributes = {
				BuildIndependentTargetsInParallel = 1;
				LastSwiftUpdateCheck = 1420;
				LastUpgradeCheck = 1420;
				TargetAttributes = {
					EA25EE0F29CC37AC009990AC = {
						CreatedOnToolsVersion = 14.2;
					};
				};
			};
			buildConfigurationList = EA25EE0B29CC37AC009990AC /* Build configuration list for PBXProject "mission_01" */;
			compatibilityVersion = "Xcode 14.0";
			developmentRegion = en;
			hasScannedForEncodings = 0;
			knownRegions = (
				en,
				Base,
			);
			mainGroup = EA25EE0729CC37AC009990AC;
			productRefGroup = EA25EE1129CC37AC009990AC /* Products */;
			projectDirPath = "";
			projectRoot = "";
			targets = (
				EA25EE0F29CC37AC009990AC /* mission_01 */,
			);
		};
/* End PBXProject section */

/* Begin PBXResourcesBuildPhase section */
		EA25EE0E29CC37AC009990AC /* Resources */ = {
			isa = PBXResourcesBuildPhase;
			buildActionMask = 2147483647;
			files = (
				EA25EE2029CC37AD009990AC /* LaunchScreen.storyboard in Resources */,
				EA25EE1D29CC37AD009990AC /* Assets.xcassets in Resources */,
				EA25EE1B29CC37AC009990AC /* Main.storyboard in Resources */,
			);
			runOnlyForDeploymentPostprocessing = 0;
		};
/* End PBXResourcesBuildPhase section */

/* Begin PBXSourcesBuildPhase section */
		EA25EE0C29CC37AC009990AC /* Sources */ = {
			isa = PBXSourcesBuildPhase;
			buildActionMask = 2147483647;
			files = (
				EA1C990129CC820700374EF8 /* SearchVC.swift in Sources */,
				EA25EE1829CC37AC009990AC /* ViewController.swift in Sources */,
				EA25EE1429CC37AC009990AC /* AppDelegate.swift in Sources */,
				EA25EE1629CC37AC009990AC /* SceneDelegate.swift in Sources */,
				EA67E98829CCB5F700FC9CA0 /* StudyVC.swift in Sources */,
			);
			runOnlyForDeploymentPostprocessing = 0;
		};
/* End PBXSourcesBuildPhase section */

/* Begin PBXVariantGroup section */
		EA25EE1929CC37AC009990AC /* Main.storyboard */ = {
			isa = PBXVariantGroup;
			children = (
				EA25EE1A29CC37AC009990AC /* Base */,
			);
			name = Main.storyboard;
			sourceTree = "<group>";
		};
		EA25EE1E29CC37AD009990AC /* LaunchScreen.storyboard */ = {
			isa = PBXVariantGroup;
			children = (
				EA25EE1F29CC37AD009990AC /* Base */,
			);
			name = LaunchScreen.storyboard;
			sourceTree = "<group>";
		};
/* End PBXVariantGroup section */

/* Begin XCBuildConfiguration section */
		EA25EE2229CC37AD009990AC /* Debug */ = {
			isa = XCBuildConfiguration;
			buildSettings = {
				ALWAYS_SEARCH_USER_PATHS = NO;
				CLANG_ANALYZER_NONNULL = YES;
				CLANG_ANALYZER_NUMBER_OBJECT_CONVERSION = YES_AGGRESSIVE;
				CLANG_CXX_LANGUAGE_STANDARD = "gnu++20";
				CLANG_ENABLE_MODULES = YES;
				CLANG_ENABLE_OBJC_ARC = YES;
				CLANG_ENABLE_OBJC_WEAK = YES;
				CLANG_WARN_BLOCK_CAPTURE_AUTORELEASING = YES;
				CLANG_WARN_BOOL_CONVERSION = YES;
				CLANG_WARN_COMMA = YES;
				CLANG_WARN_CONSTANT_CONVERSION = YES;
				CLANG_WARN_DEPRECATED_OBJC_IMPLEMENTATIONS = YES;
				CLANG_WARN_DIRECT_OBJC_ISA_USAGE = YES_ERROR;
				CLANG_WARN_DOCUMENTATION_COMMENTS = YES;
				CLANG_WARN_EMPTY_BODY = YES;
				CLANG_WARN_ENUM_CONVERSION = YES;
				CLANG_WARN_INFINITE_RECURSION = YES;
				CLANG_WARN_INT_CONVERSION = YES;
				CLANG_WARN_NON_LITERAL_NULL_CONVERSION = YES;
				CLANG_WARN_OBJC_IMPLICIT_RETAIN_SELF = YES;
				CLANG_WARN_OBJC_LITERAL_CONVERSION = YES;
				CLANG_WARN_OBJC_ROOT_CLASS = YES_ERROR;
				CLANG_WARN_QUOTED_INCLUDE_IN_FRAMEWORK_HEADER = YES;
				CLANG_WARN_RANGE_LOOP_ANALYSIS = YES;
				CLANG_WARN_STRICT_PROTOTYPES = YES;
				CLANG_WARN_SUSPICIOUS_MOVE = YES;
				CLANG_WARN_UNGUARDED_AVAILABILITY = YES_AGGRESSIVE;
				CLANG_WARN_UNREACHABLE_CODE = YES;
				CLANG_WARN__DUPLICATE_METHOD_MATCH = YES;
				COPY_PHASE_STRIP = NO;
				DEBUG_INFORMATION_FORMAT = dwarf;
				ENABLE_STRICT_OBJC_MSGSEND = YES;
				ENABLE_TESTABILITY = YES;
				GCC_C_LANGUAGE_STANDARD = gnu11;
				GCC_DYNAMIC_NO_PIC = NO;
				GCC_NO_COMMON_BLOCKS = YES;
				GCC_OPTIMIZATION_LEVEL = 0;
				GCC_PREPROCESSOR_DEFINITIONS = (
					"DEBUG=1",
					"$(inherited)",
				);
				GCC_WARN_64_TO_32_BIT_CONVERSION = YES;
				GCC_WARN_ABOUT_RETURN_TYPE = YES_ERROR;
				GCC_WARN_UNDECLARED_SELECTOR = YES;
				GCC_WARN_UNINITIALIZED_AUTOS = YES_AGGRESSIVE;
				GCC_WARN_UNUSED_FUNCTION = YES;
				GCC_WARN_UNUSED_VARIABLE = YES;
				IPHONEOS_DEPLOYMENT_TARGET = 16.2;
				MTL_ENABLE_DEBUG_INFO = INCLUDE_SOURCE;
				MTL_FAST_MATH = YES;
				ONLY_ACTIVE_ARCH = YES;
				SDKROOT = iphoneos;
				SWIFT_ACTIVE_COMPILATION_CONDITIONS = DEBUG;
				SWIFT_OPTIMIZATION_LEVEL = "-Onone";
			};
			name = Debug;
		};
		EA25EE2329CC37AD009990AC /* Release */ = {
			isa = XCBuildConfiguration;
			buildSettings = {
				ALWAYS_SEARCH_USER_PATHS = NO;
				CLANG_ANALYZER_NONNULL = YES;
				CLANG_ANALYZER_NUMBER_OBJECT_CONVERSION = YES_AGGRESSIVE;
				CLANG_CXX_LANGUAGE_STANDARD = "gnu++20";
				CLANG_ENABLE_MODULES = YES;
				CLANG_ENABLE_OBJC_ARC = YES;
				CLANG_ENABLE_OBJC_WEAK = YES;
				CLANG_WARN_BLOCK_CAPTURE_AUTORELEASING = YES;
				CLANG_WARN_BOOL_CONVERSION = YES;
				CLANG_WARN_COMMA = YES;
				CLANG_WARN_CONSTANT_CONVERSION = YES;
				CLANG_WARN_DEPRECATED_OBJC_IMPLEMENTATIONS = YES;
				CLANG_WARN_DIRECT_OBJC_ISA_USAGE = YES_ERROR;
				CLANG_WARN_DOCUMENTATION_COMMENTS = YES;
				CLANG_WARN_EMPTY_BODY = YES;
				CLANG_WARN_ENUM_CONVERSION = YES;
				CLANG_WARN_INFINITE_RECURSION = YES;
				CLANG_WARN_INT_CONVERSION = YES;
				CLANG_WARN_NON_LITERAL_NULL_CONVERSION = YES;
				CLANG_WARN_OBJC_IMPLICIT_RETAIN_SELF = YES;
				CLANG_WARN_OBJC_LITERAL_CONVERSION = YES;
				CLANG_WARN_OBJC_ROOT_CLASS = YES_ERROR;
				CLANG_WARN_QUOTED_INCLUDE_IN_FRAMEWORK_HEADER = YES;
				CLANG_WARN_RANGE_LOOP_ANALYSIS = YES;
				CLANG_WARN_STRICT_PROTOTYPES = YES;
				CLANG_WARN_SUSPICIOUS_MOVE = YES;
				CLANG_WARN_UNGUARDED_AVAILABILITY = YES_AGGRESSIVE;
				CLANG_WARN_UNREACHABLE_CODE = YES;
				CLANG_WARN__DUPLICATE_METHOD_MATCH = YES;
				COPY_PHASE_STRIP = NO;
				DEBUG_INFORMATION_FORMAT = "dwarf-with-dsym";
				ENABLE_NS_ASSERTIONS = NO;
				ENABLE_STRICT_OBJC_MSGSEND = YES;
				GCC_C_LANGUAGE_STANDARD = gnu11;
				GCC_NO_COMMON_BLOCKS = YES;
				GCC_WARN_64_TO_32_BIT_CONVERSION = YES;
				GCC_WARN_ABOUT_RETURN_TYPE = YES_ERROR;
				GCC_WARN_UNDECLARED_SELECTOR = YES;
				GCC_WARN_UNINITIALIZED_AUTOS = YES_AGGRESSIVE;
				GCC_WARN_UNUSED_FUNCTION = YES;
				GCC_WARN_UNUSED_VARIABLE = YES;
				IPHONEOS_DEPLOYMENT_TARGET = 16.2;
				MTL_ENABLE_DEBUG_INFO = NO;
				MTL_FAST_MATH = YES;
				SDKROOT = iphoneos;
				SWIFT_COMPILATION_MODE = wholemodule;
				SWIFT_OPTIMIZATION_LEVEL = "-O";
				VALIDATE_PRODUCT = YES;
			};
			name = Release;
		};
		EA25EE2529CC37AD009990AC /* Debug */ = {
			isa = XCBuildConfiguration;
			buildSettings = {
				ASSETCATALOG_COMPILER_APPICON_NAME = AppIcon;
				ASSETCATALOG_COMPILER_GLOBAL_ACCENT_COLOR_NAME = AccentColor;
				CODE_SIGN_STYLE = Automatic;
				CURRENT_PROJECT_VERSION = 1;
				GENERATE_INFOPLIST_FILE = YES;
				INFOPLIST_FILE = mission_01/Info.plist;
				INFOPLIST_KEY_UIApplicationSupportsIndirectInputEvents = YES;
				INFOPLIST_KEY_UILaunchStoryboardName = LaunchScreen;
				INFOPLIST_KEY_UIMainStoryboardFile = Main;
				INFOPLIST_KEY_UISupportedInterfaceOrientations_iPad = "UIInterfaceOrientationPortrait UIInterfaceOrientationPortraitUpsideDown UIInterfaceOrientationLandscapeLeft UIInterfaceOrientationLandscapeRight";
				INFOPLIST_KEY_UISupportedInterfaceOrientations_iPhone = "UIInterfaceOrientationPortrait UIInterfaceOrientationLandscapeLeft UIInterfaceOrientationLandscapeRight";
				LD_RUNPATH_SEARCH_PATHS = (
					"$(inherited)",
					"@executable_path/Frameworks",
				);
				MARKETING_VERSION = 1.0;
				PRODUCT_BUNDLE_IDENTIFIER = "user.mission-01";
				PRODUCT_NAME = "$(TARGET_NAME)";
				SWIFT_EMIT_LOC_STRINGS = YES;
				SWIFT_VERSION = 5.0;
				TARGETED_DEVICE_FAMILY = "1,2";
			};
			name = Debug;
		};
		EA25EE2629CC37AD009990AC /* Release */ = {
			isa = XCBuildConfiguration;
			buildSettings = {
				ASSETCATALOG_COMPILER_APPICON_NAME = AppIcon;
				ASSETCATALOG_COMPILER_GLOBAL_ACCENT_COLOR_NAME = AccentColor;
				CODE_SIGN_STYLE = Automatic;
				CURRENT_PROJECT_VERSION = 1;
				GENERATE_INFOPLIST_FILE = YES;
				INFOPLIST_FILE = mission_01/Info.plist;
				INFOPLIST_KEY_UIApplicationSupportsIndirectInputEvents = YES;
				INFOPLIST_KEY_UILaunchStoryboardName = LaunchScreen;
				INFOPLIST_KEY_UIMainStoryboardFile = Main;
				INFOPLIST_KEY_UISupportedInterfaceOrientations_iPad = "UIInterfaceOrientationPortrait UIInterfaceOrientationPortraitUpsideDown UIInterfaceOrientationLandscapeLeft UIInterfaceOrientationLandscapeRight";
				INFOPLIST_KEY_UISupportedInterfaceOrientations_iPhone = "UIInterfaceOrientationPortrait UIInterfaceOrientationLandscapeLeft UIInterfaceOrientationLandscapeRight";
				LD_RUNPATH_SEARCH_PATHS = (
					"$(inherited)",
					"@executable_path/Frameworks",
				);
				MARKETING_VERSION = 1.0;
				PRODUCT_BUNDLE_IDENTIFIER = "user.mission-01";
				PRODUCT_NAME = "$(TARGET_NAME)";
				SWIFT_EMIT_LOC_STRINGS = YES;
				SWIFT_VERSION = 5.0;
				TARGETED_DEVICE_FAMILY = "1,2";
			};
			name = Release;
		};
/* End XCBuildConfiguration section */

/* Begin XCConfigurationList section */
		EA25EE0B29CC37AC009990AC /* Build configuration list for PBXProject "mission_01" */ = {
			isa = XCConfigurationList;
			buildConfigurations = (
				EA25EE2229CC37AD009990AC /* Debug */,
				EA25EE2329CC37AD009990AC /* Release */,
			);
			defaultConfigurationIsVisible = 0;
			defaultConfigurationName = Release;
		};
		EA25EE2429CC37AD009990AC /* Build configuration list for PBXNativeTarget "mission_01" */ = {
			isa = XCConfigurationList;
			buildConfigurations = (
				EA25EE2529CC37AD009990AC /* Debug */,
				EA25EE2629CC37AD009990AC /* Release */,
			);
			defaultConfigurationIsVisible = 0;
			defaultConfigurationName = Release;
		};
/* End XCConfigurationList section */
	};
	rootObject = EA25EE0829CC37AC009990AC /* Project object */;
}
