// !$*UTF8*$!
{
	archiveVersion = 1;
	classes = {
	};
	objectVersion = 56;
	objects = {

/* Begin PBXBuildFile section */
		EA631A5D2A00EB32001C2755 /* TodoAppTutorialApp.swift in Sources */ = {isa = PBXBuildFile; fileRef = EA631A5C2A00EB32001C2755 /* TodoAppTutorialApp.swift */; };
		EA631A5F2A00EB32001C2755 /* ContentView.swift in Sources */ = {isa = PBXBuildFile; fileRef = EA631A5E2A00EB32001C2755 /* ContentView.swift */; };
		EA631A612A00EB33001C2755 /* Assets.xcassets in Resources */ = {isa = PBXBuildFile; fileRef = EA631A602A00EB33001C2755 /* Assets.xcassets */; };
		EA631A642A00EB33001C2755 /* Preview Assets.xcassets in Resources */ = {isa = PBXBuildFile; fileRef = EA631A632A00EB33001C2755 /* Preview Assets.xcassets */; };
		EA631A6C2A00EC1D001C2755 /* MainVC.storyboard in Resources */ = {isa = PBXBuildFile; fileRef = EA631A6B2A00EC1D001C2755 /* MainVC.storyboard */; };
		EA631A6E2A00EC32001C2755 /* MainVC.swift in Sources */ = {isa = PBXBuildFile; fileRef = EA631A6D2A00EC32001C2755 /* MainVC.swift */; };
		EA631A702A00F4EE001C2755 /* TodoCell.swift in Sources */ = {isa = PBXBuildFile; fileRef = EA631A6F2A00F4EE001C2755 /* TodoCell.swift */; };
		EA631A742A00F53C001C2755 /* TodoCell.xib in Resources */ = {isa = PBXBuildFile; fileRef = EA631A732A00F53C001C2755 /* TodoCell.xib */; };
		EA631A762A00FC56001C2755 /* TodosView.swift in Sources */ = {isa = PBXBuildFile; fileRef = EA631A752A00FC56001C2755 /* TodosView.swift */; };
		EA631A792A00FF49001C2755 /* Button+Style.swift in Sources */ = {isa = PBXBuildFile; fileRef = EA631A782A00FF49001C2755 /* Button+Style.swift */; };
		EA631A7C2A0102EF001C2755 /* UISearchBarWrapper.swift in Sources */ = {isa = PBXBuildFile; fileRef = EA631A7B2A0102EF001C2755 /* UISearchBarWrapper.swift */; };
		EA631A7E2A010434001C2755 /* TodoRow.swift in Sources */ = {isa = PBXBuildFile; fileRef = EA631A7D2A010434001C2755 /* TodoRow.swift */; };
		EA631A812A011622001C2755 /* TodosAPI.swift in Sources */ = {isa = PBXBuildFile; fileRef = EA631A802A011622001C2755 /* TodosAPI.swift */; };
		EA631A832A0118C3001C2755 /* TodosVM.swift in Sources */ = {isa = PBXBuildFile; fileRef = EA631A822A0118C3001C2755 /* TodosVM.swift */; };
		EA631A862A011ACD001C2755 /* TodosResponse.swift in Sources */ = {isa = PBXBuildFile; fileRef = EA631A852A011ACD001C2755 /* TodosResponse.swift */; };
		EA9A62582A01DCE000200B7A /* MultipartForm in Frameworks */ = {isa = PBXBuildFile; productRef = EA9A62572A01DCE000200B7A /* MultipartForm */; };
		EA9A625B2A01E54700200B7A /* URL+Ext.swift in Sources */ = {isa = PBXBuildFile; fileRef = EA9A625A2A01E54700200B7A /* URL+Ext.swift */; };
		EA9A625D2A01F35E00200B7A /* URLRequest+Ext.swift in Sources */ = {isa = PBXBuildFile; fileRef = EA9A625C2A01F35E00200B7A /* URLRequest+Ext.swift */; };
		EA9A625F2A0246C100200B7A /* TodosAPI+Closure.swift in Sources */ = {isa = PBXBuildFile; fileRef = EA9A625E2A0246C100200B7A /* TodosAPI+Closure.swift */; };
/* End PBXBuildFile section */

/* Begin PBXFileReference section */
		EA631A592A00EB32001C2755 /* TodoAppTutorial.app */ = {isa = PBXFileReference; explicitFileType = wrapper.application; includeInIndex = 0; path = TodoAppTutorial.app; sourceTree = BUILT_PRODUCTS_DIR; };
		EA631A5C2A00EB32001C2755 /* TodoAppTutorialApp.swift */ = {isa = PBXFileReference; lastKnownFileType = sourcecode.swift; path = TodoAppTutorialApp.swift; sourceTree = "<group>"; };
		EA631A5E2A00EB32001C2755 /* ContentView.swift */ = {isa = PBXFileReference; lastKnownFileType = sourcecode.swift; path = ContentView.swift; sourceTree = "<group>"; };
		EA631A602A00EB33001C2755 /* Assets.xcassets */ = {isa = PBXFileReference; lastKnownFileType = folder.assetcatalog; path = Assets.xcassets; sourceTree = "<group>"; };
		EA631A632A00EB33001C2755 /* Preview Assets.xcassets */ = {isa = PBXFileReference; lastKnownFileType = folder.assetcatalog; path = "Preview Assets.xcassets"; sourceTree = "<group>"; };
		EA631A6B2A00EC1D001C2755 /* MainVC.storyboard */ = {isa = PBXFileReference; lastKnownFileType = file.storyboard; path = MainVC.storyboard; sourceTree = "<group>"; };
		EA631A6D2A00EC32001C2755 /* MainVC.swift */ = {isa = PBXFileReference; lastKnownFileType = sourcecode.swift; path = MainVC.swift; sourceTree = "<group>"; };
		EA631A6F2A00F4EE001C2755 /* TodoCell.swift */ = {isa = PBXFileReference; lastKnownFileType = sourcecode.swift; path = TodoCell.swift; sourceTree = "<group>"; };
		EA631A732A00F53C001C2755 /* TodoCell.xib */ = {isa = PBXFileReference; lastKnownFileType = file.xib; path = TodoCell.xib; sourceTree = "<group>"; };
		EA631A752A00FC56001C2755 /* TodosView.swift */ = {isa = PBXFileReference; lastKnownFileType = sourcecode.swift; path = TodosView.swift; sourceTree = "<group>"; };
		EA631A782A00FF49001C2755 /* Button+Style.swift */ = {isa = PBXFileReference; lastKnownFileType = sourcecode.swift; path = "Button+Style.swift"; sourceTree = "<group>"; };
		EA631A7B2A0102EF001C2755 /* UISearchBarWrapper.swift */ = {isa = PBXFileReference; lastKnownFileType = sourcecode.swift; path = UISearchBarWrapper.swift; sourceTree = "<group>"; };
		EA631A7D2A010434001C2755 /* TodoRow.swift */ = {isa = PBXFileReference; lastKnownFileType = sourcecode.swift; path = TodoRow.swift; sourceTree = "<group>"; };
		EA631A802A011622001C2755 /* TodosAPI.swift */ = {isa = PBXFileReference; lastKnownFileType = sourcecode.swift; path = TodosAPI.swift; sourceTree = "<group>"; };
		EA631A822A0118C3001C2755 /* TodosVM.swift */ = {isa = PBXFileReference; lastKnownFileType = sourcecode.swift; path = TodosVM.swift; sourceTree = "<group>"; };
		EA631A852A011ACD001C2755 /* TodosResponse.swift */ = {isa = PBXFileReference; lastKnownFileType = sourcecode.swift; path = TodosResponse.swift; sourceTree = "<group>"; };
		EA9A625A2A01E54700200B7A /* URL+Ext.swift */ = {isa = PBXFileReference; lastKnownFileType = sourcecode.swift; path = "URL+Ext.swift"; sourceTree = "<group>"; };
		EA9A625C2A01F35E00200B7A /* URLRequest+Ext.swift */ = {isa = PBXFileReference; lastKnownFileType = sourcecode.swift; path = "URLRequest+Ext.swift"; sourceTree = "<group>"; };
		EA9A625E2A0246C100200B7A /* TodosAPI+Closure.swift */ = {isa = PBXFileReference; lastKnownFileType = sourcecode.swift; path = "TodosAPI+Closure.swift"; sourceTree = "<group>"; };
/* End PBXFileReference section */

/* Begin PBXFrameworksBuildPhase section */
		EA631A562A00EB32001C2755 /* Frameworks */ = {
			isa = PBXFrameworksBuildPhase;
			buildActionMask = 2147483647;
			files = (
				EA9A62582A01DCE000200B7A /* MultipartForm in Frameworks */,
			);
			runOnlyForDeploymentPostprocessing = 0;
		};
/* End PBXFrameworksBuildPhase section */

/* Begin PBXGroup section */
		EA631A502A00EB32001C2755 = {
			isa = PBXGroup;
			children = (
				EA631A5B2A00EB32001C2755 /* TodoAppTutorial */,
				EA631A5A2A00EB32001C2755 /* Products */,
			);
			sourceTree = "<group>";
		};
		EA631A5A2A00EB32001C2755 /* Products */ = {
			isa = PBXGroup;
			children = (
				EA631A592A00EB32001C2755 /* TodoAppTutorial.app */,
			);
			name = Products;
			sourceTree = "<group>";
		};
		EA631A5B2A00EB32001C2755 /* TodoAppTutorial */ = {
			isa = PBXGroup;
			children = (
				EA9A62592A01E53C00200B7A /* Extensions */,
				EA631A842A011AC3001C2755 /* Data */,
				EA631A7F2A011614001C2755 /* API */,
				EA631A7A2A0102DD001C2755 /* SwiftUI */,
				EA631A772A00FF38001C2755 /* Styles */,
				EA631A6A2A00EC05001C2755 /* UIKit */,
				EA631A822A0118C3001C2755 /* TodosVM.swift */,
				EA631A5C2A00EB32001C2755 /* TodoAppTutorialApp.swift */,
				EA631A602A00EB33001C2755 /* Assets.xcassets */,
				EA631A622A00EB33001C2755 /* Preview Content */,
			);
			path = TodoAppTutorial;
			sourceTree = "<group>";
		};
		EA631A622A00EB33001C2755 /* Preview Content */ = {
			isa = PBXGroup;
			children = (
				EA631A632A00EB33001C2755 /* Preview Assets.xcassets */,
			);
			path = "Preview Content";
			sourceTree = "<group>";
		};
		EA631A6A2A00EC05001C2755 /* UIKit */ = {
			isa = PBXGroup;
			children = (
				EA631A6B2A00EC1D001C2755 /* MainVC.storyboard */,
				EA631A6D2A00EC32001C2755 /* MainVC.swift */,
				EA631A6F2A00F4EE001C2755 /* TodoCell.swift */,
				EA631A732A00F53C001C2755 /* TodoCell.xib */,
			);
			path = UIKit;
			sourceTree = "<group>";
		};
		EA631A772A00FF38001C2755 /* Styles */ = {
			isa = PBXGroup;
			children = (
				EA631A782A00FF49001C2755 /* Button+Style.swift */,
			);
			path = Styles;
			sourceTree = "<group>";
		};
		EA631A7A2A0102DD001C2755 /* SwiftUI */ = {
			isa = PBXGroup;
			children = (
				EA631A5E2A00EB32001C2755 /* ContentView.swift */,
				EA631A752A00FC56001C2755 /* TodosView.swift */,
				EA631A7D2A010434001C2755 /* TodoRow.swift */,
				EA631A7B2A0102EF001C2755 /* UISearchBarWrapper.swift */,
			);
			path = SwiftUI;
			sourceTree = "<group>";
		};
		EA631A7F2A011614001C2755 /* API */ = {
			isa = PBXGroup;
			children = (
				EA631A802A011622001C2755 /* TodosAPI.swift */,
				EA9A625E2A0246C100200B7A /* TodosAPI+Closure.swift */,
			);
			path = API;
			sourceTree = "<group>";
		};
		EA631A842A011AC3001C2755 /* Data */ = {
			isa = PBXGroup;
			children = (
				EA631A852A011ACD001C2755 /* TodosResponse.swift */,
			);
			path = Data;
			sourceTree = "<group>";
		};
		EA9A62592A01E53C00200B7A /* Extensions */ = {
			isa = PBXGroup;
			children = (
				EA9A625A2A01E54700200B7A /* URL+Ext.swift */,
				EA9A625C2A01F35E00200B7A /* URLRequest+Ext.swift */,
			);
			path = Extensions;
			sourceTree = "<group>";
		};
/* End PBXGroup section */

/* Begin PBXNativeTarget section */
		EA631A582A00EB32001C2755 /* TodoAppTutorial */ = {
			isa = PBXNativeTarget;
			buildConfigurationList = EA631A672A00EB33001C2755 /* Build configuration list for PBXNativeTarget "TodoAppTutorial" */;
			buildPhases = (
				EA631A552A00EB32001C2755 /* Sources */,
				EA631A562A00EB32001C2755 /* Frameworks */,
				EA631A572A00EB32001C2755 /* Resources */,
			);
			buildRules = (
			);
			dependencies = (
			);
			name = TodoAppTutorial;
			packageProductDependencies = (
				EA9A62572A01DCE000200B7A /* MultipartForm */,
			);
			productName = TodoAppTutorial;
			productReference = EA631A592A00EB32001C2755 /* TodoAppTutorial.app */;
			productType = "com.apple.product-type.application";
		};
/* End PBXNativeTarget section */

/* Begin PBXProject section */
		EA631A512A00EB32001C2755 /* Project object */ = {
			isa = PBXProject;
			attributes = {
				BuildIndependentTargetsInParallel = 1;
				LastSwiftUpdateCheck = 1430;
				LastUpgradeCheck = 1430;
				TargetAttributes = {
					EA631A582A00EB32001C2755 = {
						CreatedOnToolsVersion = 14.3;
					};
				};
			};
			buildConfigurationList = EA631A542A00EB32001C2755 /* Build configuration list for PBXProject "TodoAppTutorial" */;
			compatibilityVersion = "Xcode 14.0";
			developmentRegion = en;
			hasScannedForEncodings = 0;
			knownRegions = (
				en,
				Base,
			);
			mainGroup = EA631A502A00EB32001C2755;
			packageReferences = (
				EA9A62562A01DCE000200B7A /* XCRemoteSwiftPackageReference "MultipartForm" */,
			);
			productRefGroup = EA631A5A2A00EB32001C2755 /* Products */;
			projectDirPath = "";
			projectRoot = "";
			targets = (
				EA631A582A00EB32001C2755 /* TodoAppTutorial */,
			);
		};
/* End PBXProject section */

/* Begin PBXResourcesBuildPhase section */
		EA631A572A00EB32001C2755 /* Resources */ = {
			isa = PBXResourcesBuildPhase;
			buildActionMask = 2147483647;
			files = (
				EA631A642A00EB33001C2755 /* Preview Assets.xcassets in Resources */,
				EA631A6C2A00EC1D001C2755 /* MainVC.storyboard in Resources */,
				EA631A612A00EB33001C2755 /* Assets.xcassets in Resources */,
				EA631A742A00F53C001C2755 /* TodoCell.xib in Resources */,
			);
			runOnlyForDeploymentPostprocessing = 0;
		};
/* End PBXResourcesBuildPhase section */

/* Begin PBXSourcesBuildPhase section */
		EA631A552A00EB32001C2755 /* Sources */ = {
			isa = PBXSourcesBuildPhase;
			buildActionMask = 2147483647;
			files = (
				EA631A812A011622001C2755 /* TodosAPI.swift in Sources */,
				EA631A762A00FC56001C2755 /* TodosView.swift in Sources */,
				EA631A5F2A00EB32001C2755 /* ContentView.swift in Sources */,
				EA631A862A011ACD001C2755 /* TodosResponse.swift in Sources */,
				EA9A625D2A01F35E00200B7A /* URLRequest+Ext.swift in Sources */,
				EA631A5D2A00EB32001C2755 /* TodoAppTutorialApp.swift in Sources */,
				EA9A625F2A0246C100200B7A /* TodosAPI+Closure.swift in Sources */,
				EA631A832A0118C3001C2755 /* TodosVM.swift in Sources */,
				EA631A792A00FF49001C2755 /* Button+Style.swift in Sources */,
				EA9A625B2A01E54700200B7A /* URL+Ext.swift in Sources */,
				EA631A6E2A00EC32001C2755 /* MainVC.swift in Sources */,
				EA631A7C2A0102EF001C2755 /* UISearchBarWrapper.swift in Sources */,
				EA631A7E2A010434001C2755 /* TodoRow.swift in Sources */,
				EA631A702A00F4EE001C2755 /* TodoCell.swift in Sources */,
			);
			runOnlyForDeploymentPostprocessing = 0;
		};
/* End PBXSourcesBuildPhase section */

/* Begin XCBuildConfiguration section */
		EA631A652A00EB33001C2755 /* Debug */ = {
			isa = XCBuildConfiguration;
			buildSettings = {
				ALWAYS_SEARCH_USER_PATHS = NO;
				CLANG_ANALYZER_NONNULL = YES;
				CLANG_ANALYZER_NUMBER_OBJECT_CONVERSION = YES_AGGRESSIVE;
				CLANG_CXX_LANGUAGE_STANDARD = "gnu++20";
				CLANG_ENABLE_MODULES = YES;
				CLANG_ENABLE_OBJC_ARC = YES;
				CLANG_ENABLE_OBJC_WEAK = YES;
				CLANG_WARN_BLOCK_CAPTURE_AUTORELEASING = YES;
				CLANG_WARN_BOOL_CONVERSION = YES;
				CLANG_WARN_COMMA = YES;
				CLANG_WARN_CONSTANT_CONVERSION = YES;
				CLANG_WARN_DEPRECATED_OBJC_IMPLEMENTATIONS = YES;
				CLANG_WARN_DIRECT_OBJC_ISA_USAGE = YES_ERROR;
				CLANG_WARN_DOCUMENTATION_COMMENTS = YES;
				CLANG_WARN_EMPTY_BODY = YES;
				CLANG_WARN_ENUM_CONVERSION = YES;
				CLANG_WARN_INFINITE_RECURSION = YES;
				CLANG_WARN_INT_CONVERSION = YES;
				CLANG_WARN_NON_LITERAL_NULL_CONVERSION = YES;
				CLANG_WARN_OBJC_IMPLICIT_RETAIN_SELF = YES;
				CLANG_WARN_OBJC_LITERAL_CONVERSION = YES;
				CLANG_WARN_OBJC_ROOT_CLASS = YES_ERROR;
				CLANG_WARN_QUOTED_INCLUDE_IN_FRAMEWORK_HEADER = YES;
				CLANG_WARN_RANGE_LOOP_ANALYSIS = YES;
				CLANG_WARN_STRICT_PROTOTYPES = YES;
				CLANG_WARN_SUSPICIOUS_MOVE = YES;
				CLANG_WARN_UNGUARDED_AVAILABILITY = YES_AGGRESSIVE;
				CLANG_WARN_UNREACHABLE_CODE = YES;
				CLANG_WARN__DUPLICATE_METHOD_MATCH = YES;
				COPY_PHASE_STRIP = NO;
				DEBUG_INFORMATION_FORMAT = dwarf;
				ENABLE_STRICT_OBJC_MSGSEND = YES;
				ENABLE_TESTABILITY = YES;
				GCC_C_LANGUAGE_STANDARD = gnu11;
				GCC_DYNAMIC_NO_PIC = NO;
				GCC_NO_COMMON_BLOCKS = YES;
				GCC_OPTIMIZATION_LEVEL = 0;
				GCC_PREPROCESSOR_DEFINITIONS = (
					"DEBUG=1",
					"$(inherited)",
				);
				GCC_WARN_64_TO_32_BIT_CONVERSION = YES;
				GCC_WARN_ABOUT_RETURN_TYPE = YES_ERROR;
				GCC_WARN_UNDECLARED_SELECTOR = YES;
				GCC_WARN_UNINITIALIZED_AUTOS = YES_AGGRESSIVE;
				GCC_WARN_UNUSED_FUNCTION = YES;
				GCC_WARN_UNUSED_VARIABLE = YES;
				IPHONEOS_DEPLOYMENT_TARGET = 14.0;
				MTL_ENABLE_DEBUG_INFO = INCLUDE_SOURCE;
				MTL_FAST_MATH = YES;
				ONLY_ACTIVE_ARCH = YES;
				SDKROOT = iphoneos;
				SWIFT_ACTIVE_COMPILATION_CONDITIONS = DEBUG;
				SWIFT_OPTIMIZATION_LEVEL = "-Onone";
			};
			name = Debug;
		};
		EA631A662A00EB33001C2755 /* Release */ = {
			isa = XCBuildConfiguration;
			buildSettings = {
				ALWAYS_SEARCH_USER_PATHS = NO;
				CLANG_ANALYZER_NONNULL = YES;
				CLANG_ANALYZER_NUMBER_OBJECT_CONVERSION = YES_AGGRESSIVE;
				CLANG_CXX_LANGUAGE_STANDARD = "gnu++20";
				CLANG_ENABLE_MODULES = YES;
				CLANG_ENABLE_OBJC_ARC = YES;
				CLANG_ENABLE_OBJC_WEAK = YES;
				CLANG_WARN_BLOCK_CAPTURE_AUTORELEASING = YES;
				CLANG_WARN_BOOL_CONVERSION = YES;
				CLANG_WARN_COMMA = YES;
				CLANG_WARN_CONSTANT_CONVERSION = YES;
				CLANG_WARN_DEPRECATED_OBJC_IMPLEMENTATIONS = YES;
				CLANG_WARN_DIRECT_OBJC_ISA_USAGE = YES_ERROR;
				CLANG_WARN_DOCUMENTATION_COMMENTS = YES;
				CLANG_WARN_EMPTY_BODY = YES;
				CLANG_WARN_ENUM_CONVERSION = YES;
				CLANG_WARN_INFINITE_RECURSION = YES;
				CLANG_WARN_INT_CONVERSION = YES;
				CLANG_WARN_NON_LITERAL_NULL_CONVERSION = YES;
				CLANG_WARN_OBJC_IMPLICIT_RETAIN_SELF = YES;
				CLANG_WARN_OBJC_LITERAL_CONVERSION = YES;
				CLANG_WARN_OBJC_ROOT_CLASS = YES_ERROR;
				CLANG_WARN_QUOTED_INCLUDE_IN_FRAMEWORK_HEADER = YES;
				CLANG_WARN_RANGE_LOOP_ANALYSIS = YES;
				CLANG_WARN_STRICT_PROTOTYPES = YES;
				CLANG_WARN_SUSPICIOUS_MOVE = YES;
				CLANG_WARN_UNGUARDED_AVAILABILITY = YES_AGGRESSIVE;
				CLANG_WARN_UNREACHABLE_CODE = YES;
				CLANG_WARN__DUPLICATE_METHOD_MATCH = YES;
				COPY_PHASE_STRIP = NO;
				DEBUG_INFORMATION_FORMAT = "dwarf-with-dsym";
				ENABLE_NS_ASSERTIONS = NO;
				ENABLE_STRICT_OBJC_MSGSEND = YES;
				GCC_C_LANGUAGE_STANDARD = gnu11;
				GCC_NO_COMMON_BLOCKS = YES;
				GCC_WARN_64_TO_32_BIT_CONVERSION = YES;
				GCC_WARN_ABOUT_RETURN_TYPE = YES_ERROR;
				GCC_WARN_UNDECLARED_SELECTOR = YES;
				GCC_WARN_UNINITIALIZED_AUTOS = YES_AGGRESSIVE;
				GCC_WARN_UNUSED_FUNCTION = YES;
				GCC_WARN_UNUSED_VARIABLE = YES;
				IPHONEOS_DEPLOYMENT_TARGET = 14.0;
				MTL_ENABLE_DEBUG_INFO = NO;
				MTL_FAST_MATH = YES;
				SDKROOT = iphoneos;
				SWIFT_COMPILATION_MODE = wholemodule;
				SWIFT_OPTIMIZATION_LEVEL = "-O";
				VALIDATE_PRODUCT = YES;
			};
			name = Release;
		};
		EA631A682A00EB33001C2755 /* Debug */ = {
			isa = XCBuildConfiguration;
			buildSettings = {
				ASSETCATALOG_COMPILER_APPICON_NAME = AppIcon;
				ASSETCATALOG_COMPILER_GLOBAL_ACCENT_COLOR_NAME = AccentColor;
				CODE_SIGN_STYLE = Automatic;
				CURRENT_PROJECT_VERSION = 1;
				DEVELOPMENT_ASSET_PATHS = "\"TodoAppTutorial/Preview Content\"";
				ENABLE_PREVIEWS = YES;
				GENERATE_INFOPLIST_FILE = YES;
				INFOPLIST_KEY_UIApplicationSceneManifest_Generation = YES;
				INFOPLIST_KEY_UIApplicationSupportsIndirectInputEvents = YES;
				INFOPLIST_KEY_UILaunchScreen_Generation = YES;
				INFOPLIST_KEY_UISupportedInterfaceOrientations_iPad = "UIInterfaceOrientationPortrait UIInterfaceOrientationPortraitUpsideDown UIInterfaceOrientationLandscapeLeft UIInterfaceOrientationLandscapeRight";
				INFOPLIST_KEY_UISupportedInterfaceOrientations_iPhone = "UIInterfaceOrientationPortrait UIInterfaceOrientationLandscapeLeft UIInterfaceOrientationLandscapeRight";
				IPHONEOS_DEPLOYMENT_TARGET = 14.0;
				LD_RUNPATH_SEARCH_PATHS = (
					"$(inherited)",
					"@executable_path/Frameworks",
				);
				MARKETING_VERSION = 1.0;
				PRODUCT_BUNDLE_IDENTIFIER = user.TodoAppTutorial;
				PRODUCT_NAME = "$(TARGET_NAME)";
				SWIFT_EMIT_LOC_STRINGS = YES;
				SWIFT_VERSION = 5.0;
				TARGETED_DEVICE_FAMILY = "1,2";
			};
			name = Debug;
		};
		EA631A692A00EB33001C2755 /* Release */ = {
			isa = XCBuildConfiguration;
			buildSettings = {
				ASSETCATALOG_COMPILER_APPICON_NAME = AppIcon;
				ASSETCATALOG_COMPILER_GLOBAL_ACCENT_COLOR_NAME = AccentColor;
				CODE_SIGN_STYLE = Automatic;
				CURRENT_PROJECT_VERSION = 1;
				DEVELOPMENT_ASSET_PATHS = "\"TodoAppTutorial/Preview Content\"";
				ENABLE_PREVIEWS = YES;
				GENERATE_INFOPLIST_FILE = YES;
				INFOPLIST_KEY_UIApplicationSceneManifest_Generation = YES;
				INFOPLIST_KEY_UIApplicationSupportsIndirectInputEvents = YES;
				INFOPLIST_KEY_UILaunchScreen_Generation = YES;
				INFOPLIST_KEY_UISupportedInterfaceOrientations_iPad = "UIInterfaceOrientationPortrait UIInterfaceOrientationPortraitUpsideDown UIInterfaceOrientationLandscapeLeft UIInterfaceOrientationLandscapeRight";
				INFOPLIST_KEY_UISupportedInterfaceOrientations_iPhone = "UIInterfaceOrientationPortrait UIInterfaceOrientationLandscapeLeft UIInterfaceOrientationLandscapeRight";
				IPHONEOS_DEPLOYMENT_TARGET = 14.0;
				LD_RUNPATH_SEARCH_PATHS = (
					"$(inherited)",
					"@executable_path/Frameworks",
				);
				MARKETING_VERSION = 1.0;
				PRODUCT_BUNDLE_IDENTIFIER = user.TodoAppTutorial;
				PRODUCT_NAME = "$(TARGET_NAME)";
				SWIFT_EMIT_LOC_STRINGS = YES;
				SWIFT_VERSION = 5.0;
				TARGETED_DEVICE_FAMILY = "1,2";
			};
			name = Release;
		};
/* End XCBuildConfiguration section */

/* Begin XCConfigurationList section */
		EA631A542A00EB32001C2755 /* Build configuration list for PBXProject "TodoAppTutorial" */ = {
			isa = XCConfigurationList;
			buildConfigurations = (
				EA631A652A00EB33001C2755 /* Debug */,
				EA631A662A00EB33001C2755 /* Release */,
			);
			defaultConfigurationIsVisible = 0;
			defaultConfigurationName = Release;
		};
		EA631A672A00EB33001C2755 /* Build configuration list for PBXNativeTarget "TodoAppTutorial" */ = {
			isa = XCConfigurationList;
			buildConfigurations = (
				EA631A682A00EB33001C2755 /* Debug */,
				EA631A692A00EB33001C2755 /* Release */,
			);
			defaultConfigurationIsVisible = 0;
			defaultConfigurationName = Release;
		};
/* End XCConfigurationList section */

/* Begin XCRemoteSwiftPackageReference section */
		EA9A62562A01DCE000200B7A /* XCRemoteSwiftPackageReference "MultipartForm" */ = {
			isa = XCRemoteSwiftPackageReference;
			repositoryURL = "https://github.com/davbeck/MultipartForm";
			requirement = {
				kind = upToNextMajorVersion;
				minimumVersion = 0.1.0;
			};
		};
/* End XCRemoteSwiftPackageReference section */

/* Begin XCSwiftPackageProductDependency section */
		EA9A62572A01DCE000200B7A /* MultipartForm */ = {
			isa = XCSwiftPackageProductDependency;
			package = EA9A62562A01DCE000200B7A /* XCRemoteSwiftPackageReference "MultipartForm" */;
			productName = MultipartForm;
		};
/* End XCSwiftPackageProductDependency section */
	};
	rootObject = EA631A512A00EB32001C2755 /* Project object */;
}
